// !$*UTF8*$!
{
	archiveVersion = 1;
	classes = {
	};
	objectVersion = 45;
	objects = {

/* Begin PBXBuildFile section */
		1D3623260D0F684500981E51 /* ObjectiveSpongeAppDelegate.m in Sources */ = {isa = PBXBuildFile; fileRef = 1D3623250D0F684500981E51 /* ObjectiveSpongeAppDelegate.m */; };
		1D60589B0D05DD56006BFB54 /* main.m in Sources */ = {isa = PBXBuildFile; fileRef = 29B97316FDCFA39411CA2CEA /* main.m */; };
		1D60589F0D05DD5A006BFB54 /* Foundation.framework in Frameworks */ = {isa = PBXBuildFile; fileRef = 1D30AB110D05D00D00671497 /* Foundation.framework */; };
		1DF5F4E00D08C38300B7A737 /* UIKit.framework in Frameworks */ = {isa = PBXBuildFile; fileRef = 1DF5F4DF0D08C38300B7A737 /* UIKit.framework */; };
		2892E4100DC94CBA00A64D0F /* CoreGraphics.framework in Frameworks */ = {isa = PBXBuildFile; fileRef = 2892E40F0DC94CBA00A64D0F /* CoreGraphics.framework */; };
		28AD73600D9D9599002E5188 /* MainWindow.xib in Resources */ = {isa = PBXBuildFile; fileRef = 28AD735F0D9D9599002E5188 /* MainWindow.xib */; };
		28C286E10D94DF7D0034E888 /* RootViewController.m in Sources */ = {isa = PBXBuildFile; fileRef = 28C286E00D94DF7D0034E888 /* RootViewController.m */; };
		28F335F11007B36200424DE2 /* RootViewController.xib in Resources */ = {isa = PBXBuildFile; fileRef = 28F335F01007B36200424DE2 /* RootViewController.xib */; };
		5FAFDDB7114DC46E00AC10D8 /* PropertyListFile.m in Sources */ = {isa = PBXBuildFile; fileRef = 5FAFDDB6114DC46E00AC10D8 /* PropertyListFile.m */; };
		C1AB99B1114B056A005A7928 /* ORObject.m in Sources */ = {isa = PBXBuildFile; fileRef = C1AB99B0114B056A005A7928 /* ORObject.m */; };
		C1AB99B4114B057B005A7928 /* Campaign.m in Sources */ = {isa = PBXBuildFile; fileRef = C1AB99B3114B057B005A7928 /* Campaign.m */; };
		C1AB9A25114B143A005A7928 /* Metric.m in Sources */ = {isa = PBXBuildFile; fileRef = C1AB9A24114B143A005A7928 /* Metric.m */; };
		C1AB9A91114B1A0C005A7928 /* CampaignViewController.m in Sources */ = {isa = PBXBuildFile; fileRef = C1AB9A8F114B1A0C005A7928 /* CampaignViewController.m */; };
		C1AB9A92114B1A0C005A7928 /* CampaignViewController.xib in Resources */ = {isa = PBXBuildFile; fileRef = C1AB9A90114B1A0C005A7928 /* CampaignViewController.xib */; };
		C1AB9AF4114B2109005A7928 /* CampaignInputController.m in Sources */ = {isa = PBXBuildFile; fileRef = C1AB9AF2114B2109005A7928 /* CampaignInputController.m */; };
		C1AB9AF5114B2109005A7928 /* CampaignInputController.xib in Resources */ = {isa = PBXBuildFile; fileRef = C1AB9AF3114B2109005A7928 /* CampaignInputController.xib */; };
		C1C75930115710C3009D9647 /* Connection.m in Sources */ = {isa = PBXBuildFile; fileRef = C1C75920115710C3009D9647 /* Connection.m */; };
		C1C75931115710C3009D9647 /* ConnectionDelegate.m in Sources */ = {isa = PBXBuildFile; fileRef = C1C75922115710C3009D9647 /* ConnectionDelegate.m */; };
		C1C75932115710C3009D9647 /* ConnectionManager.m in Sources */ = {isa = PBXBuildFile; fileRef = C1C75924115710C3009D9647 /* ConnectionManager.m */; };
		C1C75933115710C3009D9647 /* NSHTTPURLResponse+Error.m in Sources */ = {isa = PBXBuildFile; fileRef = C1C75926115710C3009D9647 /* NSHTTPURLResponse+Error.m */; };
		C1C75934115710C3009D9647 /* NSMutableURLRequest+ResponseType.m in Sources */ = {isa = PBXBuildFile; fileRef = C1C75928115710C3009D9647 /* NSMutableURLRequest+ResponseType.m */; };
		C1C75935115710C3009D9647 /* ObjectiveResource.m in Sources */ = {isa = PBXBuildFile; fileRef = C1C7592A115710C3009D9647 /* ObjectiveResource.m */; };
		C1C75936115710C3009D9647 /* ObjectiveResourceConfig.m in Sources */ = {isa = PBXBuildFile; fileRef = C1C7592C115710C3009D9647 /* ObjectiveResourceConfig.m */; };
		C1C75937115710C3009D9647 /* Response.m in Sources */ = {isa = PBXBuildFile; fileRef = C1C7592F115710C3009D9647 /* Response.m */; };
		C1C759761157110C009D9647 /* NSString+InflectionSupport.m in Sources */ = {isa = PBXBuildFile; fileRef = C1C7593E1157110C009D9647 /* NSString+InflectionSupport.m */; };
		C1C759771157110C009D9647 /* NSData+Additions.m in Sources */ = {isa = PBXBuildFile; fileRef = C1C759401157110C009D9647 /* NSData+Additions.m */; };
		C1C759781157110C009D9647 /* NSObject+PropertySupport.m in Sources */ = {isa = PBXBuildFile; fileRef = C1C759421157110C009D9647 /* NSObject+PropertySupport.m */; };
		C1C759791157110C009D9647 /* NSString+GSub.m in Sources */ = {isa = PBXBuildFile; fileRef = C1C759441157110C009D9647 /* NSString+GSub.m */; };
		C1C7597A1157110C009D9647 /* ObjectiveResourceDateFormatter.m in Sources */ = {isa = PBXBuildFile; fileRef = C1C759461157110C009D9647 /* ObjectiveResourceDateFormatter.m */; };
		C1C7597B1157110C009D9647 /* NSObject+SBJSON.m in Sources */ = {isa = PBXBuildFile; fileRef = C1C7594B1157110C009D9647 /* NSObject+SBJSON.m */; };
		C1C7597C1157110C009D9647 /* NSString+SBJSON.m in Sources */ = {isa = PBXBuildFile; fileRef = C1C7594D1157110C009D9647 /* NSString+SBJSON.m */; };
		C1C7597D1157110C009D9647 /* SBJSON.m in Sources */ = {isa = PBXBuildFile; fileRef = C1C7594F1157110C009D9647 /* SBJSON.m */; };
		C1C7597E1157110C009D9647 /* NSArray+JSONSerializableSupport.m in Sources */ = {isa = PBXBuildFile; fileRef = C1C759551157110C009D9647 /* NSArray+JSONSerializableSupport.m */; };
		C1C7597F1157110C009D9647 /* NSDictionary+JSONSerializableSupport.m in Sources */ = {isa = PBXBuildFile; fileRef = C1C759571157110C009D9647 /* NSDictionary+JSONSerializableSupport.m */; };
		C1C759801157110C009D9647 /* NSObject+JSONSerializableSupport.m in Sources */ = {isa = PBXBuildFile; fileRef = C1C759591157110C009D9647 /* NSObject+JSONSerializableSupport.m */; };
		C1C759811157110C009D9647 /* NSDate+Serialize.m in Sources */ = {isa = PBXBuildFile; fileRef = C1C7595B1157110C009D9647 /* NSDate+Serialize.m */; };
		C1C759821157110C009D9647 /* NSDictionary+KeyTranslation.m in Sources */ = {isa = PBXBuildFile; fileRef = C1C7595D1157110C009D9647 /* NSDictionary+KeyTranslation.m */; };
		C1C759831157110C009D9647 /* NSObject+Serialize.m in Sources */ = {isa = PBXBuildFile; fileRef = C1C7595F1157110C009D9647 /* NSObject+Serialize.m */; };
		C1C759841157110C009D9647 /* NSString+Serialize.m in Sources */ = {isa = PBXBuildFile; fileRef = C1C759611157110C009D9647 /* NSString+Serialize.m */; };
		C1C759851157110C009D9647 /* FromXMLElementDelegate.m in Sources */ = {isa = PBXBuildFile; fileRef = C1C759651157110C009D9647 /* FromXMLElementDelegate.m */; };
		C1C759861157110C009D9647 /* NSArray+XMLSerializableSupport.m in Sources */ = {isa = PBXBuildFile; fileRef = C1C759671157110C009D9647 /* NSArray+XMLSerializableSupport.m */; };
		C1C759871157110C009D9647 /* NSDate+XMLSerializableSupport.m in Sources */ = {isa = PBXBuildFile; fileRef = C1C759691157110C009D9647 /* NSDate+XMLSerializableSupport.m */; };
		C1C759881157110C009D9647 /* NSDictionary+XMLSerializableSupport.m in Sources */ = {isa = PBXBuildFile; fileRef = C1C7596B1157110C009D9647 /* NSDictionary+XMLSerializableSupport.m */; };
		C1C759891157110C009D9647 /* NSNull+XMLSerializableSupport.m in Sources */ = {isa = PBXBuildFile; fileRef = C1C7596D1157110C009D9647 /* NSNull+XMLSerializableSupport.m */; };
		C1C7598A1157110C009D9647 /* NSNumber+XMLSerializableSupport.m in Sources */ = {isa = PBXBuildFile; fileRef = C1C7596F1157110C009D9647 /* NSNumber+XMLSerializableSupport.m */; };
		C1C7598B1157110C009D9647 /* NSObject+XMLSerializableSupport.m in Sources */ = {isa = PBXBuildFile; fileRef = C1C759711157110C009D9647 /* NSObject+XMLSerializableSupport.m */; };
		C1C7598C1157110C009D9647 /* NSString+XMLSerializableSupport.m in Sources */ = {isa = PBXBuildFile; fileRef = C1C759731157110C009D9647 /* NSString+XMLSerializableSupport.m */; };
/* End PBXBuildFile section */

/* Begin PBXFileReference section */
		1D30AB110D05D00D00671497 /* Foundation.framework */ = {isa = PBXFileReference; lastKnownFileType = wrapper.framework; name = Foundation.framework; path = System/Library/Frameworks/Foundation.framework; sourceTree = SDKROOT; };
		1D3623240D0F684500981E51 /* ObjectiveSpongeAppDelegate.h */ = {isa = PBXFileReference; fileEncoding = 4; lastKnownFileType = sourcecode.c.h; path = ObjectiveSpongeAppDelegate.h; sourceTree = "<group>"; };
		1D3623250D0F684500981E51 /* ObjectiveSpongeAppDelegate.m */ = {isa = PBXFileReference; fileEncoding = 4; lastKnownFileType = sourcecode.c.objc; path = ObjectiveSpongeAppDelegate.m; sourceTree = "<group>"; };
		1D6058910D05DD3D006BFB54 /* ObjectiveSponge.app */ = {isa = PBXFileReference; explicitFileType = wrapper.application; includeInIndex = 0; path = ObjectiveSponge.app; sourceTree = BUILT_PRODUCTS_DIR; };
		1DF5F4DF0D08C38300B7A737 /* UIKit.framework */ = {isa = PBXFileReference; lastKnownFileType = wrapper.framework; name = UIKit.framework; path = System/Library/Frameworks/UIKit.framework; sourceTree = SDKROOT; };
		2892E40F0DC94CBA00A64D0F /* CoreGraphics.framework */ = {isa = PBXFileReference; lastKnownFileType = wrapper.framework; name = CoreGraphics.framework; path = System/Library/Frameworks/CoreGraphics.framework; sourceTree = SDKROOT; };
		28A0AAE50D9B0CCF005BE974 /* ObjectiveSponge_Prefix.pch */ = {isa = PBXFileReference; fileEncoding = 4; lastKnownFileType = sourcecode.c.h; path = ObjectiveSponge_Prefix.pch; sourceTree = "<group>"; };
		28AD735F0D9D9599002E5188 /* MainWindow.xib */ = {isa = PBXFileReference; lastKnownFileType = file.xib; path = MainWindow.xib; sourceTree = "<group>"; };
		28C286DF0D94DF7D0034E888 /* RootViewController.h */ = {isa = PBXFileReference; fileEncoding = 4; lastKnownFileType = sourcecode.c.h; path = RootViewController.h; sourceTree = "<group>"; };
		28C286E00D94DF7D0034E888 /* RootViewController.m */ = {isa = PBXFileReference; fileEncoding = 4; lastKnownFileType = sourcecode.c.objc; path = RootViewController.m; sourceTree = "<group>"; };
		28F335F01007B36200424DE2 /* RootViewController.xib */ = {isa = PBXFileReference; lastKnownFileType = file.xib; path = RootViewController.xib; sourceTree = "<group>"; };
		29B97316FDCFA39411CA2CEA /* main.m */ = {isa = PBXFileReference; fileEncoding = 4; lastKnownFileType = sourcecode.c.objc; path = main.m; sourceTree = "<group>"; };
		5FAFDDB5114DC46E00AC10D8 /* PropertyListFile.h */ = {isa = PBXFileReference; fileEncoding = 4; lastKnownFileType = sourcecode.c.h; path = PropertyListFile.h; sourceTree = "<group>"; };
		5FAFDDB6114DC46E00AC10D8 /* PropertyListFile.m */ = {isa = PBXFileReference; fileEncoding = 4; lastKnownFileType = sourcecode.c.objc; path = PropertyListFile.m; sourceTree = "<group>"; };
		8D1107310486CEB800E47090 /* ObjectiveSponge-Info.plist */ = {isa = PBXFileReference; fileEncoding = 4; lastKnownFileType = text.plist.xml; path = "ObjectiveSponge-Info.plist"; plistStructureDefinitionIdentifier = "com.apple.xcode.plist.structure-definition.iphone.info-plist"; sourceTree = "<group>"; };
		C1AB99AF114B056A005A7928 /* ORObject.h */ = {isa = PBXFileReference; fileEncoding = 4; lastKnownFileType = sourcecode.c.h; path = ORObject.h; sourceTree = "<group>"; };
		C1AB99B0114B056A005A7928 /* ORObject.m */ = {isa = PBXFileReference; fileEncoding = 4; lastKnownFileType = sourcecode.c.objc; path = ORObject.m; sourceTree = "<group>"; };
		C1AB99B2114B057B005A7928 /* Campaign.h */ = {isa = PBXFileReference; fileEncoding = 4; lastKnownFileType = sourcecode.c.h; path = Campaign.h; sourceTree = "<group>"; };
		C1AB99B3114B057B005A7928 /* Campaign.m */ = {isa = PBXFileReference; fileEncoding = 4; lastKnownFileType = sourcecode.c.objc; path = Campaign.m; sourceTree = "<group>"; };
		C1AB9A23114B143A005A7928 /* Metric.h */ = {isa = PBXFileReference; fileEncoding = 4; lastKnownFileType = sourcecode.c.h; path = Metric.h; sourceTree = "<group>"; };
		C1AB9A24114B143A005A7928 /* Metric.m */ = {isa = PBXFileReference; fileEncoding = 4; lastKnownFileType = sourcecode.c.objc; path = Metric.m; sourceTree = "<group>"; };
		C1AB9A8E114B1A0C005A7928 /* CampaignViewController.h */ = {isa = PBXFileReference; fileEncoding = 4; lastKnownFileType = sourcecode.c.h; path = CampaignViewController.h; sourceTree = "<group>"; };
		C1AB9A8F114B1A0C005A7928 /* CampaignViewController.m */ = {isa = PBXFileReference; fileEncoding = 4; lastKnownFileType = sourcecode.c.objc; path = CampaignViewController.m; sourceTree = "<group>"; };
		C1AB9A90114B1A0C005A7928 /* CampaignViewController.xib */ = {isa = PBXFileReference; lastKnownFileType = file.xib; path = CampaignViewController.xib; sourceTree = "<group>"; };
		C1AB9AF1114B2109005A7928 /* CampaignInputController.h */ = {isa = PBXFileReference; fileEncoding = 4; lastKnownFileType = sourcecode.c.h; path = CampaignInputController.h; sourceTree = "<group>"; };
		C1AB9AF2114B2109005A7928 /* CampaignInputController.m */ = {isa = PBXFileReference; fileEncoding = 4; lastKnownFileType = sourcecode.c.objc; path = CampaignInputController.m; sourceTree = "<group>"; };
		C1AB9AF3114B2109005A7928 /* CampaignInputController.xib */ = {isa = PBXFileReference; lastKnownFileType = file.xib; path = CampaignInputController.xib; sourceTree = "<group>"; };
		C1C7591F115710C3009D9647 /* Connection.h */ = {isa = PBXFileReference; fileEncoding = 4; lastKnownFileType = sourcecode.c.h; name = Connection.h; path = ObjectiveResource/Classes/lib/Connection.h; sourceTree = "<group>"; };
		C1C75920115710C3009D9647 /* Connection.m */ = {isa = PBXFileReference; fileEncoding = 4; lastKnownFileType = sourcecode.c.objc; name = Connection.m; path = ObjectiveResource/Classes/lib/Connection.m; sourceTree = "<group>"; };
		C1C75921115710C3009D9647 /* ConnectionDelegate.h */ = {isa = PBXFileReference; fileEncoding = 4; lastKnownFileType = sourcecode.c.h; name = ConnectionDelegate.h; path = ObjectiveResource/Classes/lib/ConnectionDelegate.h; sourceTree = "<group>"; };
		C1C75922115710C3009D9647 /* ConnectionDelegate.m */ = {isa = PBXFileReference; fileEncoding = 4; lastKnownFileType = sourcecode.c.objc; name = ConnectionDelegate.m; path = ObjectiveResource/Classes/lib/ConnectionDelegate.m; sourceTree = "<group>"; };
		C1C75923115710C3009D9647 /* ConnectionManager.h */ = {isa = PBXFileReference; fileEncoding = 4; lastKnownFileType = sourcecode.c.h; name = ConnectionManager.h; path = ObjectiveResource/Classes/lib/ConnectionManager.h; sourceTree = "<group>"; };
		C1C75924115710C3009D9647 /* ConnectionManager.m */ = {isa = PBXFileReference; fileEncoding = 4; lastKnownFileType = sourcecode.c.objc; name = ConnectionManager.m; path = ObjectiveResource/Classes/lib/ConnectionManager.m; sourceTree = "<group>"; };
		C1C75925115710C3009D9647 /* NSHTTPURLResponse+Error.h */ = {isa = PBXFileReference; fileEncoding = 4; lastKnownFileType = sourcecode.c.h; name = "NSHTTPURLResponse+Error.h"; path = "ObjectiveResource/Classes/lib/NSHTTPURLResponse+Error.h"; sourceTree = "<group>"; };
		C1C75926115710C3009D9647 /* NSHTTPURLResponse+Error.m */ = {isa = PBXFileReference; fileEncoding = 4; lastKnownFileType = sourcecode.c.objc; name = "NSHTTPURLResponse+Error.m"; path = "ObjectiveResource/Classes/lib/NSHTTPURLResponse+Error.m"; sourceTree = "<group>"; };
		C1C75927115710C3009D9647 /* NSMutableURLRequest+ResponseType.h */ = {isa = PBXFileReference; fileEncoding = 4; lastKnownFileType = sourcecode.c.h; name = "NSMutableURLRequest+ResponseType.h"; path = "ObjectiveResource/Classes/lib/NSMutableURLRequest+ResponseType.h"; sourceTree = "<group>"; };
		C1C75928115710C3009D9647 /* NSMutableURLRequest+ResponseType.m */ = {isa = PBXFileReference; fileEncoding = 4; lastKnownFileType = sourcecode.c.objc; name = "NSMutableURLRequest+ResponseType.m"; path = "ObjectiveResource/Classes/lib/NSMutableURLRequest+ResponseType.m"; sourceTree = "<group>"; };
		C1C75929115710C3009D9647 /* ObjectiveResource.h */ = {isa = PBXFileReference; fileEncoding = 4; lastKnownFileType = sourcecode.c.h; name = ObjectiveResource.h; path = ObjectiveResource/Classes/lib/ObjectiveResource.h; sourceTree = "<group>"; };
		C1C7592A115710C3009D9647 /* ObjectiveResource.m */ = {isa = PBXFileReference; fileEncoding = 4; lastKnownFileType = sourcecode.c.objc; name = ObjectiveResource.m; path = ObjectiveResource/Classes/lib/ObjectiveResource.m; sourceTree = "<group>"; };
		C1C7592B115710C3009D9647 /* ObjectiveResourceConfig.h */ = {isa = PBXFileReference; fileEncoding = 4; lastKnownFileType = sourcecode.c.h; name = ObjectiveResourceConfig.h; path = ObjectiveResource/Classes/lib/ObjectiveResourceConfig.h; sourceTree = "<group>"; };
		C1C7592C115710C3009D9647 /* ObjectiveResourceConfig.m */ = {isa = PBXFileReference; fileEncoding = 4; lastKnownFileType = sourcecode.c.objc; name = ObjectiveResourceConfig.m; path = ObjectiveResource/Classes/lib/ObjectiveResourceConfig.m; sourceTree = "<group>"; };
		C1C7592D115710C3009D9647 /* ORSResponseFormat.h */ = {isa = PBXFileReference; fileEncoding = 4; lastKnownFileType = sourcecode.c.h; name = ORSResponseFormat.h; path = ObjectiveResource/Classes/lib/ORSResponseFormat.h; sourceTree = "<group>"; };
		C1C7592E115710C3009D9647 /* Response.h */ = {isa = PBXFileReference; fileEncoding = 4; lastKnownFileType = sourcecode.c.h; name = Response.h; path = ObjectiveResource/Classes/lib/Response.h; sourceTree = "<group>"; };
		C1C7592F115710C3009D9647 /* Response.m */ = {isa = PBXFileReference; fileEncoding = 4; lastKnownFileType = sourcecode.c.objc; name = Response.m; path = ObjectiveResource/Classes/lib/Response.m; sourceTree = "<group>"; };
		C1C7593B1157110C009D9647 /* CoreSupport.h */ = {isa = PBXFileReference; fileEncoding = 4; lastKnownFileType = sourcecode.c.h; path = CoreSupport.h; sourceTree = "<group>"; };
		C1C7593D1157110C009D9647 /* NSString+InflectionSupport.h */ = {isa = PBXFileReference; fileEncoding = 4; lastKnownFileType = sourcecode.c.h; path = "NSString+InflectionSupport.h"; sourceTree = "<group>"; };
		C1C7593E1157110C009D9647 /* NSString+InflectionSupport.m */ = {isa = PBXFileReference; fileEncoding = 4; lastKnownFileType = sourcecode.c.objc; path = "NSString+InflectionSupport.m"; sourceTree = "<group>"; };
		C1C7593F1157110C009D9647 /* NSData+Additions.h */ = {isa = PBXFileReference; fileEncoding = 4; lastKnownFileType = sourcecode.c.h; path = "NSData+Additions.h"; sourceTree = "<group>"; };
		C1C759401157110C009D9647 /* NSData+Additions.m */ = {isa = PBXFileReference; fileEncoding = 4; lastKnownFileType = sourcecode.c.objc; path = "NSData+Additions.m"; sourceTree = "<group>"; };
		C1C759411157110C009D9647 /* NSObject+PropertySupport.h */ = {isa = PBXFileReference; fileEncoding = 4; lastKnownFileType = sourcecode.c.h; path = "NSObject+PropertySupport.h"; sourceTree = "<group>"; };
		C1C759421157110C009D9647 /* NSObject+PropertySupport.m */ = {isa = PBXFileReference; fileEncoding = 4; lastKnownFileType = sourcecode.c.objc; path = "NSObject+PropertySupport.m"; sourceTree = "<group>"; };
		C1C759431157110C009D9647 /* NSString+GSub.h */ = {isa = PBXFileReference; fileEncoding = 4; lastKnownFileType = sourcecode.c.h; path = "NSString+GSub.h"; sourceTree = "<group>"; };
		C1C759441157110C009D9647 /* NSString+GSub.m */ = {isa = PBXFileReference; fileEncoding = 4; lastKnownFileType = sourcecode.c.objc; path = "NSString+GSub.m"; sourceTree = "<group>"; };
		C1C759451157110C009D9647 /* ObjectiveResourceDateFormatter.h */ = {isa = PBXFileReference; fileEncoding = 4; lastKnownFileType = sourcecode.c.h; path = ObjectiveResourceDateFormatter.h; sourceTree = "<group>"; };
		C1C759461157110C009D9647 /* ObjectiveResourceDateFormatter.m */ = {isa = PBXFileReference; fileEncoding = 4; lastKnownFileType = sourcecode.c.objc; path = ObjectiveResourceDateFormatter.m; sourceTree = "<group>"; };
		C1C759471157110C009D9647 /* ObjectiveSupport.h */ = {isa = PBXFileReference; fileEncoding = 4; lastKnownFileType = sourcecode.c.h; path = ObjectiveSupport.h; sourceTree = "<group>"; };
		C1C759491157110C009D9647 /* JSONFramework.h */ = {isa = PBXFileReference; fileEncoding = 4; lastKnownFileType = sourcecode.c.h; path = JSONFramework.h; sourceTree = "<group>"; };
		C1C7594A1157110C009D9647 /* NSObject+SBJSON.h */ = {isa = PBXFileReference; fileEncoding = 4; lastKnownFileType = sourcecode.c.h; path = "NSObject+SBJSON.h"; sourceTree = "<group>"; };
		C1C7594B1157110C009D9647 /* NSObject+SBJSON.m */ = {isa = PBXFileReference; fileEncoding = 4; lastKnownFileType = sourcecode.c.objc; path = "NSObject+SBJSON.m"; sourceTree = "<group>"; };
		C1C7594C1157110C009D9647 /* NSString+SBJSON.h */ = {isa = PBXFileReference; fileEncoding = 4; lastKnownFileType = sourcecode.c.h; path = "NSString+SBJSON.h"; sourceTree = "<group>"; };
		C1C7594D1157110C009D9647 /* NSString+SBJSON.m */ = {isa = PBXFileReference; fileEncoding = 4; lastKnownFileType = sourcecode.c.objc; path = "NSString+SBJSON.m"; sourceTree = "<group>"; };
		C1C7594E1157110C009D9647 /* SBJSON.h */ = {isa = PBXFileReference; fileEncoding = 4; lastKnownFileType = sourcecode.c.h; path = SBJSON.h; sourceTree = "<group>"; };
		C1C7594F1157110C009D9647 /* SBJSON.m */ = {isa = PBXFileReference; fileEncoding = 4; lastKnownFileType = sourcecode.c.objc; path = SBJSON.m; sourceTree = "<group>"; };
		C1C759521157110C009D9647 /* JSONSerializable.h */ = {isa = PBXFileReference; fileEncoding = 4; lastKnownFileType = sourcecode.c.h; path = JSONSerializable.h; sourceTree = "<group>"; };
		C1C759531157110C009D9647 /* JSONSerializableSupport.h */ = {isa = PBXFileReference; fileEncoding = 4; lastKnownFileType = sourcecode.c.h; path = JSONSerializableSupport.h; sourceTree = "<group>"; };
		C1C759541157110C009D9647 /* NSArray+JSONSerializableSupport.h */ = {isa = PBXFileReference; fileEncoding = 4; lastKnownFileType = sourcecode.c.h; path = "NSArray+JSONSerializableSupport.h"; sourceTree = "<group>"; };
		C1C759551157110C009D9647 /* NSArray+JSONSerializableSupport.m */ = {isa = PBXFileReference; fileEncoding = 4; lastKnownFileType = sourcecode.c.objc; path = "NSArray+JSONSerializableSupport.m"; sourceTree = "<group>"; };
		C1C759561157110C009D9647 /* NSDictionary+JSONSerializableSupport.h */ = {isa = PBXFileReference; fileEncoding = 4; lastKnownFileType = sourcecode.c.h; path = "NSDictionary+JSONSerializableSupport.h"; sourceTree = "<group>"; };
		C1C759571157110C009D9647 /* NSDictionary+JSONSerializableSupport.m */ = {isa = PBXFileReference; fileEncoding = 4; lastKnownFileType = sourcecode.c.objc; path = "NSDictionary+JSONSerializableSupport.m"; sourceTree = "<group>"; };
		C1C759581157110C009D9647 /* NSObject+JSONSerializableSupport.h */ = {isa = PBXFileReference; fileEncoding = 4; lastKnownFileType = sourcecode.c.h; path = "NSObject+JSONSerializableSupport.h"; sourceTree = "<group>"; };
		C1C759591157110C009D9647 /* NSObject+JSONSerializableSupport.m */ = {isa = PBXFileReference; fileEncoding = 4; lastKnownFileType = sourcecode.c.objc; path = "NSObject+JSONSerializableSupport.m"; sourceTree = "<group>"; };
		C1C7595A1157110C009D9647 /* NSDate+Serialize.h */ = {isa = PBXFileReference; fileEncoding = 4; lastKnownFileType = sourcecode.c.h; path = "NSDate+Serialize.h"; sourceTree = "<group>"; };
		C1C7595B1157110C009D9647 /* NSDate+Serialize.m */ = {isa = PBXFileReference; fileEncoding = 4; lastKnownFileType = sourcecode.c.objc; path = "NSDate+Serialize.m"; sourceTree = "<group>"; };
		C1C7595C1157110C009D9647 /* NSDictionary+KeyTranslation.h */ = {isa = PBXFileReference; fileEncoding = 4; lastKnownFileType = sourcecode.c.h; path = "NSDictionary+KeyTranslation.h"; sourceTree = "<group>"; };
		C1C7595D1157110C009D9647 /* NSDictionary+KeyTranslation.m */ = {isa = PBXFileReference; fileEncoding = 4; lastKnownFileType = sourcecode.c.objc; path = "NSDictionary+KeyTranslation.m"; sourceTree = "<group>"; };
		C1C7595E1157110C009D9647 /* NSObject+Serialize.h */ = {isa = PBXFileReference; fileEncoding = 4; lastKnownFileType = sourcecode.c.h; path = "NSObject+Serialize.h"; sourceTree = "<group>"; };
		C1C7595F1157110C009D9647 /* NSObject+Serialize.m */ = {isa = PBXFileReference; fileEncoding = 4; lastKnownFileType = sourcecode.c.objc; path = "NSObject+Serialize.m"; sourceTree = "<group>"; };
		C1C759601157110C009D9647 /* NSString+Serialize.h */ = {isa = PBXFileReference; fileEncoding = 4; lastKnownFileType = sourcecode.c.h; path = "NSString+Serialize.h"; sourceTree = "<group>"; };
		C1C759611157110C009D9647 /* NSString+Serialize.m */ = {isa = PBXFileReference; fileEncoding = 4; lastKnownFileType = sourcecode.c.objc; path = "NSString+Serialize.m"; sourceTree = "<group>"; };
		C1C759621157110C009D9647 /* Serialize.h */ = {isa = PBXFileReference; fileEncoding = 4; lastKnownFileType = sourcecode.c.h; path = Serialize.h; sourceTree = "<group>"; };
		C1C759641157110C009D9647 /* FromXMLElementDelegate.h */ = {isa = PBXFileReference; fileEncoding = 4; lastKnownFileType = sourcecode.c.h; path = FromXMLElementDelegate.h; sourceTree = "<group>"; };
		C1C759651157110C009D9647 /* FromXMLElementDelegate.m */ = {isa = PBXFileReference; fileEncoding = 4; lastKnownFileType = sourcecode.c.objc; path = FromXMLElementDelegate.m; sourceTree = "<group>"; };
		C1C759661157110C009D9647 /* NSArray+XMLSerializableSupport.h */ = {isa = PBXFileReference; fileEncoding = 4; lastKnownFileType = sourcecode.c.h; path = "NSArray+XMLSerializableSupport.h"; sourceTree = "<group>"; };
		C1C759671157110C009D9647 /* NSArray+XMLSerializableSupport.m */ = {isa = PBXFileReference; fileEncoding = 4; lastKnownFileType = sourcecode.c.objc; path = "NSArray+XMLSerializableSupport.m"; sourceTree = "<group>"; };
		C1C759681157110C009D9647 /* NSDate+XMLSerializableSupport.h */ = {isa = PBXFileReference; fileEncoding = 4; lastKnownFileType = sourcecode.c.h; path = "NSDate+XMLSerializableSupport.h"; sourceTree = "<group>"; };
		C1C759691157110C009D9647 /* NSDate+XMLSerializableSupport.m */ = {isa = PBXFileReference; fileEncoding = 4; lastKnownFileType = sourcecode.c.objc; path = "NSDate+XMLSerializableSupport.m"; sourceTree = "<group>"; };
		C1C7596A1157110C009D9647 /* NSDictionary+XMLSerializableSupport.h */ = {isa = PBXFileReference; fileEncoding = 4; lastKnownFileType = sourcecode.c.h; path = "NSDictionary+XMLSerializableSupport.h"; sourceTree = "<group>"; };
		C1C7596B1157110C009D9647 /* NSDictionary+XMLSerializableSupport.m */ = {isa = PBXFileReference; fileEncoding = 4; lastKnownFileType = sourcecode.c.objc; path = "NSDictionary+XMLSerializableSupport.m"; sourceTree = "<group>"; };
		C1C7596C1157110C009D9647 /* NSNull+XMLSerializableSupport.h */ = {isa = PBXFileReference; fileEncoding = 4; lastKnownFileType = sourcecode.c.h; path = "NSNull+XMLSerializableSupport.h"; sourceTree = "<group>"; };
		C1C7596D1157110C009D9647 /* NSNull+XMLSerializableSupport.m */ = {isa = PBXFileReference; fileEncoding = 4; lastKnownFileType = sourcecode.c.objc; path = "NSNull+XMLSerializableSupport.m"; sourceTree = "<group>"; };
		C1C7596E1157110C009D9647 /* NSNumber+XMLSerializableSupport.h */ = {isa = PBXFileReference; fileEncoding = 4; lastKnownFileType = sourcecode.c.h; path = "NSNumber+XMLSerializableSupport.h"; sourceTree = "<group>"; };
		C1C7596F1157110C009D9647 /* NSNumber+XMLSerializableSupport.m */ = {isa = PBXFileReference; fileEncoding = 4; lastKnownFileType = sourcecode.c.objc; path = "NSNumber+XMLSerializableSupport.m"; sourceTree = "<group>"; };
		C1C759701157110C009D9647 /* NSObject+XMLSerializableSupport.h */ = {isa = PBXFileReference; fileEncoding = 4; lastKnownFileType = sourcecode.c.h; path = "NSObject+XMLSerializableSupport.h"; sourceTree = "<group>"; };
		C1C759711157110C009D9647 /* NSObject+XMLSerializableSupport.m */ = {isa = PBXFileReference; fileEncoding = 4; lastKnownFileType = sourcecode.c.objc; path = "NSObject+XMLSerializableSupport.m"; sourceTree = "<group>"; };
		C1C759721157110C009D9647 /* NSString+XMLSerializableSupport.h */ = {isa = PBXFileReference; fileEncoding = 4; lastKnownFileType = sourcecode.c.h; path = "NSString+XMLSerializableSupport.h"; sourceTree = "<group>"; };
		C1C759731157110C009D9647 /* NSString+XMLSerializableSupport.m */ = {isa = PBXFileReference; fileEncoding = 4; lastKnownFileType = sourcecode.c.objc; path = "NSString+XMLSerializableSupport.m"; sourceTree = "<group>"; };
		C1C759741157110C009D9647 /* XMLSerializable.h */ = {isa = PBXFileReference; fileEncoding = 4; lastKnownFileType = sourcecode.c.h; path = XMLSerializable.h; sourceTree = "<group>"; };
		C1C759751157110C009D9647 /* XMLSerializableSupport.h */ = {isa = PBXFileReference; fileEncoding = 4; lastKnownFileType = sourcecode.c.h; path = XMLSerializableSupport.h; sourceTree = "<group>"; };
/* End PBXFileReference section */

/* Begin PBXFrameworksBuildPhase section */
		1D60588F0D05DD3D006BFB54 /* Frameworks */ = {
			isa = PBXFrameworksBuildPhase;
			buildActionMask = 2147483647;
			files = (
				1D60589F0D05DD5A006BFB54 /* Foundation.framework in Frameworks */,
				1DF5F4E00D08C38300B7A737 /* UIKit.framework in Frameworks */,
				2892E4100DC94CBA00A64D0F /* CoreGraphics.framework in Frameworks */,
			);
			runOnlyForDeploymentPostprocessing = 0;
		};
/* End PBXFrameworksBuildPhase section */

/* Begin PBXGroup section */
		080E96DDFE201D6D7F000001 /* Classes */ = {
			isa = PBXGroup;
			children = (
				C1C75938115710C8009D9647 /* ObjectiveResource */,
				28C286DF0D94DF7D0034E888 /* RootViewController.h */,
				28C286E00D94DF7D0034E888 /* RootViewController.m */,
				1D3623240D0F684500981E51 /* ObjectiveSpongeAppDelegate.h */,
				1D3623250D0F684500981E51 /* ObjectiveSpongeAppDelegate.m */,
				C1AB99AF114B056A005A7928 /* ORObject.h */,
				C1AB99B0114B056A005A7928 /* ORObject.m */,
				C1AB99B2114B057B005A7928 /* Campaign.h */,
				C1AB99B3114B057B005A7928 /* Campaign.m */,
				C1AB9A23114B143A005A7928 /* Metric.h */,
				C1AB9A24114B143A005A7928 /* Metric.m */,
				C1AB9A8E114B1A0C005A7928 /* CampaignViewController.h */,
				C1AB9A8F114B1A0C005A7928 /* CampaignViewController.m */,
				C1AB9A90114B1A0C005A7928 /* CampaignViewController.xib */,
				C1AB9AF1114B2109005A7928 /* CampaignInputController.h */,
				C1AB9AF2114B2109005A7928 /* CampaignInputController.m */,
				C1AB9AF3114B2109005A7928 /* CampaignInputController.xib */,
				5FAFDDB5114DC46E00AC10D8 /* PropertyListFile.h */,
				5FAFDDB6114DC46E00AC10D8 /* PropertyListFile.m */,
			);
			path = Classes;
			sourceTree = "<group>";
		};
		19C28FACFE9D520D11CA2CBB /* Products */ = {
			isa = PBXGroup;
			children = (
				1D6058910D05DD3D006BFB54 /* ObjectiveSponge.app */,
			);
			name = Products;
			sourceTree = "<group>";
		};
		29B97314FDCFA39411CA2CEA /* CustomTemplate */ = {
			isa = PBXGroup;
			children = (
				080E96DDFE201D6D7F000001 /* Classes */,
				29B97315FDCFA39411CA2CEA /* Other Sources */,
				29B97317FDCFA39411CA2CEA /* Resources */,
				29B97323FDCFA39411CA2CEA /* Frameworks */,
				19C28FACFE9D520D11CA2CBB /* Products */,
			);
			name = CustomTemplate;
			sourceTree = "<group>";
		};
		29B97315FDCFA39411CA2CEA /* Other Sources */ = {
			isa = PBXGroup;
			children = (
				28A0AAE50D9B0CCF005BE974 /* ObjectiveSponge_Prefix.pch */,
				29B97316FDCFA39411CA2CEA /* main.m */,
			);
			name = "Other Sources";
			sourceTree = "<group>";
		};
		29B97317FDCFA39411CA2CEA /* Resources */ = {
			isa = PBXGroup;
			children = (
				28F335F01007B36200424DE2 /* RootViewController.xib */,
				28AD735F0D9D9599002E5188 /* MainWindow.xib */,
				8D1107310486CEB800E47090 /* ObjectiveSponge-Info.plist */,
			);
			name = Resources;
			sourceTree = "<group>";
		};
		29B97323FDCFA39411CA2CEA /* Frameworks */ = {
			isa = PBXGroup;
			children = (
				1DF5F4DF0D08C38300B7A737 /* UIKit.framework */,
				1D30AB110D05D00D00671497 /* Foundation.framework */,
				2892E40F0DC94CBA00A64D0F /* CoreGraphics.framework */,
			);
			name = Frameworks;
			sourceTree = "<group>";
		};
		C1C75938115710C8009D9647 /* ObjectiveResource */ = {
			isa = PBXGroup;
			children = (
				C1C75939115710E3009D9647 /* ObjectiveSupport */,
				C1C7591F115710C3009D9647 /* Connection.h */,
				C1C75920115710C3009D9647 /* Connection.m */,
				C1C75921115710C3009D9647 /* ConnectionDelegate.h */,
				C1C75922115710C3009D9647 /* ConnectionDelegate.m */,
				C1C75923115710C3009D9647 /* ConnectionManager.h */,
				C1C75924115710C3009D9647 /* ConnectionManager.m */,
				C1C75925115710C3009D9647 /* NSHTTPURLResponse+Error.h */,
				C1C75926115710C3009D9647 /* NSHTTPURLResponse+Error.m */,
				C1C75927115710C3009D9647 /* NSMutableURLRequest+ResponseType.h */,
				C1C75928115710C3009D9647 /* NSMutableURLRequest+ResponseType.m */,
				C1C75929115710C3009D9647 /* ObjectiveResource.h */,
				C1C7592A115710C3009D9647 /* ObjectiveResource.m */,
				C1C7592B115710C3009D9647 /* ObjectiveResourceConfig.h */,
				C1C7592C115710C3009D9647 /* ObjectiveResourceConfig.m */,
				C1C7592D115710C3009D9647 /* ORSResponseFormat.h */,
				C1C7592E115710C3009D9647 /* Response.h */,
				C1C7592F115710C3009D9647 /* Response.m */,
			);
			name = ObjectiveResource;
			sourceTree = "<group>";
		};
		C1C75939115710E3009D9647 /* ObjectiveSupport */ = {
			isa = PBXGroup;
			children = (
				C1C7593A1157110C009D9647 /* Core */,
				C1C759481157110C009D9647 /* json-framework */,
				C1C759501157110C009D9647 /* Serialization */,
			);
			name = ObjectiveSupport;
			sourceTree = "<group>";
		};
		C1C7593A1157110C009D9647 /* Core */ = {
			isa = PBXGroup;
			children = (
				C1C7593B1157110C009D9647 /* CoreSupport.h */,
				C1C7593C1157110C009D9647 /* Inflections */,
				C1C7593F1157110C009D9647 /* NSData+Additions.h */,
				C1C759401157110C009D9647 /* NSData+Additions.m */,
				C1C759411157110C009D9647 /* NSObject+PropertySupport.h */,
				C1C759421157110C009D9647 /* NSObject+PropertySupport.m */,
				C1C759431157110C009D9647 /* NSString+GSub.h */,
				C1C759441157110C009D9647 /* NSString+GSub.m */,
				C1C759451157110C009D9647 /* ObjectiveResourceDateFormatter.h */,
				C1C759461157110C009D9647 /* ObjectiveResourceDateFormatter.m */,
				C1C759471157110C009D9647 /* ObjectiveSupport.h */,
			);
			name = Core;
			path = ObjectiveResource/Classes/lib/objective_support/Classes/lib/Core;
			sourceTree = "<group>";
		};
		C1C7593C1157110C009D9647 /* Inflections */ = {
			isa = PBXGroup;
			children = (
				C1C7593D1157110C009D9647 /* NSString+InflectionSupport.h */,
				C1C7593E1157110C009D9647 /* NSString+InflectionSupport.m */,
			);
			path = Inflections;
			sourceTree = "<group>";
		};
		C1C759481157110C009D9647 /* json-framework */ = {
			isa = PBXGroup;
			children = (
				C1C759491157110C009D9647 /* JSONFramework.h */,
				C1C7594A1157110C009D9647 /* NSObject+SBJSON.h */,
				C1C7594B1157110C009D9647 /* NSObject+SBJSON.m */,
				C1C7594C1157110C009D9647 /* NSString+SBJSON.h */,
				C1C7594D1157110C009D9647 /* NSString+SBJSON.m */,
				C1C7594E1157110C009D9647 /* SBJSON.h */,
				C1C7594F1157110C009D9647 /* SBJSON.m */,
			);
			name = "json-framework";
			path = "ObjectiveResource/Classes/lib/objective_support/Classes/lib/json-framework";
			sourceTree = "<group>";
		};
		C1C759501157110C009D9647 /* Serialization */ = {
			isa = PBXGroup;
			children = (
				C1C759511157110C009D9647 /* JSON */,
				C1C7595A1157110C009D9647 /* NSDate+Serialize.h */,
				C1C7595B1157110C009D9647 /* NSDate+Serialize.m */,
				C1C7595C1157110C009D9647 /* NSDictionary+KeyTranslation.h */,
				C1C7595D1157110C009D9647 /* NSDictionary+KeyTranslation.m */,
				C1C7595E1157110C009D9647 /* NSObject+Serialize.h */,
				C1C7595F1157110C009D9647 /* NSObject+Serialize.m */,
				C1C759601157110C009D9647 /* NSString+Serialize.h */,
				C1C759611157110C009D9647 /* NSString+Serialize.m */,
				C1C759621157110C009D9647 /* Serialize.h */,
				C1C759631157110C009D9647 /* XML */,
			);
			name = Serialization;
			path = ObjectiveResource/Classes/lib/objective_support/Classes/lib/Serialization;
			sourceTree = "<group>";
		};
		C1C759511157110C009D9647 /* JSON */ = {
			isa = PBXGroup;
			children = (
				C1C759521157110C009D9647 /* JSONSerializable.h */,
				C1C759531157110C009D9647 /* JSONSerializableSupport.h */,
				C1C759541157110C009D9647 /* NSArray+JSONSerializableSupport.h */,
				C1C759551157110C009D9647 /* NSArray+JSONSerializableSupport.m */,
				C1C759561157110C009D9647 /* NSDictionary+JSONSerializableSupport.h */,
				C1C759571157110C009D9647 /* NSDictionary+JSONSerializableSupport.m */,
				C1C759581157110C009D9647 /* NSObject+JSONSerializableSupport.h */,
				C1C759591157110C009D9647 /* NSObject+JSONSerializableSupport.m */,
			);
			path = JSON;
			sourceTree = "<group>";
		};
		C1C759631157110C009D9647 /* XML */ = {
			isa = PBXGroup;
			children = (
				C1C759641157110C009D9647 /* FromXMLElementDelegate.h */,
				C1C759651157110C009D9647 /* FromXMLElementDelegate.m */,
				C1C759661157110C009D9647 /* NSArray+XMLSerializableSupport.h */,
				C1C759671157110C009D9647 /* NSArray+XMLSerializableSupport.m */,
				C1C759681157110C009D9647 /* NSDate+XMLSerializableSupport.h */,
				C1C759691157110C009D9647 /* NSDate+XMLSerializableSupport.m */,
				C1C7596A1157110C009D9647 /* NSDictionary+XMLSerializableSupport.h */,
				C1C7596B1157110C009D9647 /* NSDictionary+XMLSerializableSupport.m */,
				C1C7596C1157110C009D9647 /* NSNull+XMLSerializableSupport.h */,
				C1C7596D1157110C009D9647 /* NSNull+XMLSerializableSupport.m */,
				C1C7596E1157110C009D9647 /* NSNumber+XMLSerializableSupport.h */,
				C1C7596F1157110C009D9647 /* NSNumber+XMLSerializableSupport.m */,
				C1C759701157110C009D9647 /* NSObject+XMLSerializableSupport.h */,
				C1C759711157110C009D9647 /* NSObject+XMLSerializableSupport.m */,
				C1C759721157110C009D9647 /* NSString+XMLSerializableSupport.h */,
				C1C759731157110C009D9647 /* NSString+XMLSerializableSupport.m */,
				C1C759741157110C009D9647 /* XMLSerializable.h */,
				C1C759751157110C009D9647 /* XMLSerializableSupport.h */,
			);
			path = XML;
			sourceTree = "<group>";
		};
/* End PBXGroup section */

/* Begin PBXNativeTarget section */
		1D6058900D05DD3D006BFB54 /* ObjectiveSponge */ = {
			isa = PBXNativeTarget;
			buildConfigurationList = 1D6058960D05DD3E006BFB54 /* Build configuration list for PBXNativeTarget "ObjectiveSponge" */;
			buildPhases = (
				1D60588D0D05DD3D006BFB54 /* Resources */,
				1D60588E0D05DD3D006BFB54 /* Sources */,
				1D60588F0D05DD3D006BFB54 /* Frameworks */,
			);
			buildRules = (
			);
			dependencies = (
			);
			name = ObjectiveSponge;
			productName = ObjectiveSponge;
			productReference = 1D6058910D05DD3D006BFB54 /* ObjectiveSponge.app */;
			productType = "com.apple.product-type.application";
		};
/* End PBXNativeTarget section */

/* Begin PBXProject section */
		29B97313FDCFA39411CA2CEA /* Project object */ = {
			isa = PBXProject;
			buildConfigurationList = C01FCF4E08A954540054247B /* Build configuration list for PBXProject "ObjectiveSponge" */;
			compatibilityVersion = "Xcode 3.1";
			hasScannedForEncodings = 1;
			knownRegions = (
				English,
				Japanese,
				French,
				German,
				en,
			);
			mainGroup = 29B97314FDCFA39411CA2CEA /* CustomTemplate */;
			projectDirPath = "";
			projectRoot = "";
			targets = (
				1D6058900D05DD3D006BFB54 /* ObjectiveSponge */,
			);
		};
/* End PBXProject section */

/* Begin PBXResourcesBuildPhase section */
		1D60588D0D05DD3D006BFB54 /* Resources */ = {
			isa = PBXResourcesBuildPhase;
			buildActionMask = 2147483647;
			files = (
				28AD73600D9D9599002E5188 /* MainWindow.xib in Resources */,
				28F335F11007B36200424DE2 /* RootViewController.xib in Resources */,
				C1AB9A92114B1A0C005A7928 /* CampaignViewController.xib in Resources */,
				C1AB9AF5114B2109005A7928 /* CampaignInputController.xib in Resources */,
			);
			runOnlyForDeploymentPostprocessing = 0;
		};
/* End PBXResourcesBuildPhase section */

/* Begin PBXSourcesBuildPhase section */
		1D60588E0D05DD3D006BFB54 /* Sources */ = {
			isa = PBXSourcesBuildPhase;
			buildActionMask = 2147483647;
			files = (
				1D60589B0D05DD56006BFB54 /* main.m in Sources */,
				1D3623260D0F684500981E51 /* ObjectiveSpongeAppDelegate.m in Sources */,
				28C286E10D94DF7D0034E888 /* RootViewController.m in Sources */,
				C1AB99B1114B056A005A7928 /* ORObject.m in Sources */,
				C1AB99B4114B057B005A7928 /* Campaign.m in Sources */,
				C1AB9A25114B143A005A7928 /* Metric.m in Sources */,
				C1AB9A91114B1A0C005A7928 /* CampaignViewController.m in Sources */,
				C1AB9AF4114B2109005A7928 /* CampaignInputController.m in Sources */,
				5FAFDDB7114DC46E00AC10D8 /* PropertyListFile.m in Sources */,
				C1C75930115710C3009D9647 /* Connection.m in Sources */,
				C1C75931115710C3009D9647 /* ConnectionDelegate.m in Sources */,
				C1C75932115710C3009D9647 /* ConnectionManager.m in Sources */,
				C1C75933115710C3009D9647 /* NSHTTPURLResponse+Error.m in Sources */,
				C1C75934115710C3009D9647 /* NSMutableURLRequest+ResponseType.m in Sources */,
				C1C75935115710C3009D9647 /* ObjectiveResource.m in Sources */,
				C1C75936115710C3009D9647 /* ObjectiveResourceConfig.m in Sources */,
				C1C75937115710C3009D9647 /* Response.m in Sources */,
				C1C759761157110C009D9647 /* NSString+InflectionSupport.m in Sources */,
				C1C759771157110C009D9647 /* NSData+Additions.m in Sources */,
				C1C759781157110C009D9647 /* NSObject+PropertySupport.m in Sources */,
				C1C759791157110C009D9647 /* NSString+GSub.m in Sources */,
				C1C7597A1157110C009D9647 /* ObjectiveResourceDateFormatter.m in Sources */,
				C1C7597B1157110C009D9647 /* NSObject+SBJSON.m in Sources */,
				C1C7597C1157110C009D9647 /* NSString+SBJSON.m in Sources */,
				C1C7597D1157110C009D9647 /* SBJSON.m in Sources */,
				C1C7597E1157110C009D9647 /* NSArray+JSONSerializableSupport.m in Sources */,
				C1C7597F1157110C009D9647 /* NSDictionary+JSONSerializableSupport.m in Sources */,
				C1C759801157110C009D9647 /* NSObject+JSONSerializableSupport.m in Sources */,
				C1C759811157110C009D9647 /* NSDate+Serialize.m in Sources */,
				C1C759821157110C009D9647 /* NSDictionary+KeyTranslation.m in Sources */,
				C1C759831157110C009D9647 /* NSObject+Serialize.m in Sources */,
				C1C759841157110C009D9647 /* NSString+Serialize.m in Sources */,
				C1C759851157110C009D9647 /* FromXMLElementDelegate.m in Sources */,
				C1C759861157110C009D9647 /* NSArray+XMLSerializableSupport.m in Sources */,
				C1C759871157110C009D9647 /* NSDate+XMLSerializableSupport.m in Sources */,
				C1C759881157110C009D9647 /* NSDictionary+XMLSerializableSupport.m in Sources */,
				C1C759891157110C009D9647 /* NSNull+XMLSerializableSupport.m in Sources */,
				C1C7598A1157110C009D9647 /* NSNumber+XMLSerializableSupport.m in Sources */,
				C1C7598B1157110C009D9647 /* NSObject+XMLSerializableSupport.m in Sources */,
				C1C7598C1157110C009D9647 /* NSString+XMLSerializableSupport.m in Sources */,
			);
			runOnlyForDeploymentPostprocessing = 0;
		};
/* End PBXSourcesBuildPhase section */

/* Begin XCBuildConfiguration section */
		1D6058940D05DD3E006BFB54 /* Debug */ = {
			isa = XCBuildConfiguration;
			buildSettings = {
				ALWAYS_SEARCH_USER_PATHS = NO;
				COPY_PHASE_STRIP = NO;
				GCC_DYNAMIC_NO_PIC = NO;
				GCC_OPTIMIZATION_LEVEL = 0;
				GCC_PRECOMPILE_PREFIX_HEADER = YES;
				GCC_PREFIX_HEADER = ObjectiveSponge_Prefix.pch;
				INFOPLIST_FILE = "ObjectiveSponge-Info.plist";
				PRODUCT_NAME = ObjectiveSponge;
			};
			name = Debug;
		};
		1D6058950D05DD3E006BFB54 /* Release */ = {
			isa = XCBuildConfiguration;
			buildSettings = {
				ALWAYS_SEARCH_USER_PATHS = NO;
				COPY_PHASE_STRIP = YES;
				GCC_PRECOMPILE_PREFIX_HEADER = YES;
				GCC_PREFIX_HEADER = ObjectiveSponge_Prefix.pch;
				INFOPLIST_FILE = "ObjectiveSponge-Info.plist";
				PRODUCT_NAME = ObjectiveSponge;
			};
			name = Release;
		};
		C01FCF4F08A954540054247B /* Debug */ = {
			isa = XCBuildConfiguration;
			buildSettings = {
				ARCHS = "$(ARCHS_STANDARD_32_BIT)";
				"CODE_SIGN_IDENTITY[sdk=iphoneos*]" = "iPhone Developer";
				GCC_C_LANGUAGE_STANDARD = c99;
				GCC_WARN_ABOUT_RETURN_TYPE = YES;
				GCC_WARN_UNUSED_VARIABLE = YES;
				"New Setting" = "";
				PREBINDING = NO;
				SDKROOT = iphoneos3.1.2;
			};
			name = Debug;
		};
		C01FCF5008A954540054247B /* Release */ = {
			isa = XCBuildConfiguration;
			buildSettings = {
				ARCHS = "$(ARCHS_STANDARD_32_BIT)";
				"CODE_SIGN_IDENTITY[sdk=iphoneos*]" = "iPhone Developer";
				GCC_C_LANGUAGE_STANDARD = c99;
				GCC_WARN_ABOUT_RETURN_TYPE = YES;
				GCC_WARN_UNUSED_VARIABLE = YES;
				PREBINDING = NO;
				SDKROOT = iphoneos3.1.2;
			};
			name = Release;
		};
/* End XCBuildConfiguration section */

/* Begin XCConfigurationList section */
		1D6058960D05DD3E006BFB54 /* Build configuration list for PBXNativeTarget "ObjectiveSponge" */ = {
			isa = XCConfigurationList;
			buildConfigurations = (
				1D6058940D05DD3E006BFB54 /* Debug */,
				1D6058950D05DD3E006BFB54 /* Release */,
			);
			defaultConfigurationIsVisible = 0;
			defaultConfigurationName = Release;
		};
		C01FCF4E08A954540054247B /* Build configuration list for PBXProject "ObjectiveSponge" */ = {
			isa = XCConfigurationList;
			buildConfigurations = (
				C01FCF4F08A954540054247B /* Debug */,
				C01FCF5008A954540054247B /* Release */,
			);
			defaultConfigurationIsVisible = 0;
			defaultConfigurationName = Release;
		};
/* End XCConfigurationList section */
	};
	rootObject = 29B97313FDCFA39411CA2CEA /* Project object */;
}
