// !$*UTF8*$!
{
	archiveVersion = 1;
	classes = {
	};
	objectVersion = 45;
	objects = {

/* Begin PBXBuildFile section */
		1D3623260D0F684500981E51 /* ObjectiveSpongeAppDelegate.m in Sources */ = {isa = PBXBuildFile; fileRef = 1D3623250D0F684500981E51 /* ObjectiveSpongeAppDelegate.m */; };
		1D60589B0D05DD56006BFB54 /* main.m in Sources */ = {isa = PBXBuildFile; fileRef = 29B97316FDCFA39411CA2CEA /* main.m */; };
		1D60589F0D05DD5A006BFB54 /* Foundation.framework in Frameworks */ = {isa = PBXBuildFile; fileRef = 1D30AB110D05D00D00671497 /* Foundation.framework */; };
		1DF5F4E00D08C38300B7A737 /* UIKit.framework in Frameworks */ = {isa = PBXBuildFile; fileRef = 1DF5F4DF0D08C38300B7A737 /* UIKit.framework */; };
		2892E4100DC94CBA00A64D0F /* CoreGraphics.framework in Frameworks */ = {isa = PBXBuildFile; fileRef = 2892E40F0DC94CBA00A64D0F /* CoreGraphics.framework */; };
		28AD73600D9D9599002E5188 /* MainWindow.xib in Resources */ = {isa = PBXBuildFile; fileRef = 28AD735F0D9D9599002E5188 /* MainWindow.xib */; };
		28C286E10D94DF7D0034E888 /* RootViewController.m in Sources */ = {isa = PBXBuildFile; fileRef = 28C286E00D94DF7D0034E888 /* RootViewController.m */; };
		28F335F11007B36200424DE2 /* RootViewController.xib in Resources */ = {isa = PBXBuildFile; fileRef = 28F335F01007B36200424DE2 /* RootViewController.xib */; };
		5FAFDDB7114DC46E00AC10D8 /* PropertyListFile.m in Sources */ = {isa = PBXBuildFile; fileRef = 5FAFDDB6114DC46E00AC10D8 /* PropertyListFile.m */; };
		C1AB998E114B0537005A7928 /* Connection.m in Sources */ = {isa = PBXBuildFile; fileRef = C1AB9943114B0537005A7928 /* Connection.m */; };
		C1AB998F114B0537005A7928 /* ConnectionDelegate.m in Sources */ = {isa = PBXBuildFile; fileRef = C1AB9945114B0537005A7928 /* ConnectionDelegate.m */; };
		C1AB9990114B0537005A7928 /* NSHTTPURLResponse+Error.m in Sources */ = {isa = PBXBuildFile; fileRef = C1AB9947114B0537005A7928 /* NSHTTPURLResponse+Error.m */; };
		C1AB9991114B0537005A7928 /* NSMutableURLRequest+ResponseType.m in Sources */ = {isa = PBXBuildFile; fileRef = C1AB9949114B0537005A7928 /* NSMutableURLRequest+ResponseType.m */; };
		C1AB9992114B0537005A7928 /* NSObject+ObjectiveResource.m in Sources */ = {isa = PBXBuildFile; fileRef = C1AB994B114B0537005A7928 /* NSObject+ObjectiveResource.m */; };
		C1AB9993114B0537005A7928 /* NSString+InflectionSupport.m in Sources */ = {isa = PBXBuildFile; fileRef = C1AB9951114B0537005A7928 /* NSString+InflectionSupport.m */; };
		C1AB9994114B0537005A7928 /* NSData+Additions.m in Sources */ = {isa = PBXBuildFile; fileRef = C1AB9953114B0537005A7928 /* NSData+Additions.m */; };
		C1AB9995114B0537005A7928 /* NSObject+PropertySupport.m in Sources */ = {isa = PBXBuildFile; fileRef = C1AB9955114B0537005A7928 /* NSObject+PropertySupport.m */; };
		C1AB9996114B0537005A7928 /* NSString+GSub.m in Sources */ = {isa = PBXBuildFile; fileRef = C1AB9957114B0537005A7928 /* NSString+GSub.m */; };
		C1AB9997114B0537005A7928 /* ObjectiveResourceDateFormatter.m in Sources */ = {isa = PBXBuildFile; fileRef = C1AB9959114B0537005A7928 /* ObjectiveResourceDateFormatter.m */; };
		C1AB9998114B0537005A7928 /* NSObject+SBJSON.m in Sources */ = {isa = PBXBuildFile; fileRef = C1AB995E114B0537005A7928 /* NSObject+SBJSON.m */; };
		C1AB9999114B0537005A7928 /* NSString+SBJSON.m in Sources */ = {isa = PBXBuildFile; fileRef = C1AB9960114B0537005A7928 /* NSString+SBJSON.m */; };
		C1AB999A114B0537005A7928 /* SBJSON.m in Sources */ = {isa = PBXBuildFile; fileRef = C1AB9962114B0537005A7928 /* SBJSON.m */; };
		C1AB999B114B0537005A7928 /* NSArray+JSONSerializableSupport.m in Sources */ = {isa = PBXBuildFile; fileRef = C1AB9968114B0537005A7928 /* NSArray+JSONSerializableSupport.m */; };
		C1AB999C114B0537005A7928 /* NSDictionary+JSONSerializableSupport.m in Sources */ = {isa = PBXBuildFile; fileRef = C1AB996A114B0537005A7928 /* NSDictionary+JSONSerializableSupport.m */; };
		C1AB999D114B0537005A7928 /* NSObject+JSONSerializableSupport.m in Sources */ = {isa = PBXBuildFile; fileRef = C1AB996C114B0537005A7928 /* NSObject+JSONSerializableSupport.m */; };
		C1AB999E114B0537005A7928 /* NSDate+Serialize.m in Sources */ = {isa = PBXBuildFile; fileRef = C1AB996E114B0537005A7928 /* NSDate+Serialize.m */; };
		C1AB999F114B0537005A7928 /* NSDictionary+KeyTranslation.m in Sources */ = {isa = PBXBuildFile; fileRef = C1AB9970114B0537005A7928 /* NSDictionary+KeyTranslation.m */; };
		C1AB99A0114B0537005A7928 /* NSObject+Serialize.m in Sources */ = {isa = PBXBuildFile; fileRef = C1AB9972114B0537005A7928 /* NSObject+Serialize.m */; };
		C1AB99A1114B0537005A7928 /* NSString+Serialize.m in Sources */ = {isa = PBXBuildFile; fileRef = C1AB9974114B0537005A7928 /* NSString+Serialize.m */; };
		C1AB99A2114B0537005A7928 /* FromXMLElementDelegate.m in Sources */ = {isa = PBXBuildFile; fileRef = C1AB9978114B0537005A7928 /* FromXMLElementDelegate.m */; };
		C1AB99A3114B0537005A7928 /* NSArray+XMLSerializableSupport.m in Sources */ = {isa = PBXBuildFile; fileRef = C1AB997A114B0537005A7928 /* NSArray+XMLSerializableSupport.m */; };
		C1AB99A4114B0537005A7928 /* NSDate+XMLSerializableSupport.m in Sources */ = {isa = PBXBuildFile; fileRef = C1AB997C114B0537005A7928 /* NSDate+XMLSerializableSupport.m */; };
		C1AB99A5114B0537005A7928 /* NSDictionary+XMLSerializableSupport.m in Sources */ = {isa = PBXBuildFile; fileRef = C1AB997E114B0537005A7928 /* NSDictionary+XMLSerializableSupport.m */; };
		C1AB99A6114B0537005A7928 /* NSNull+XMLSerializableSupport.m in Sources */ = {isa = PBXBuildFile; fileRef = C1AB9980114B0537005A7928 /* NSNull+XMLSerializableSupport.m */; };
		C1AB99A7114B0537005A7928 /* NSNumber+XMLSerializableSupport.m in Sources */ = {isa = PBXBuildFile; fileRef = C1AB9982114B0537005A7928 /* NSNumber+XMLSerializableSupport.m */; };
		C1AB99A8114B0537005A7928 /* NSObject+XMLSerializableSupport.m in Sources */ = {isa = PBXBuildFile; fileRef = C1AB9984114B0537005A7928 /* NSObject+XMLSerializableSupport.m */; };
		C1AB99A9114B0537005A7928 /* NSString+XMLSerializableSupport.m in Sources */ = {isa = PBXBuildFile; fileRef = C1AB9986114B0537005A7928 /* NSString+XMLSerializableSupport.m */; };
		C1AB99AA114B0537005A7928 /* ObjectiveResourceConfig.m in Sources */ = {isa = PBXBuildFile; fileRef = C1AB998B114B0537005A7928 /* ObjectiveResourceConfig.m */; };
		C1AB99AB114B0537005A7928 /* Response.m in Sources */ = {isa = PBXBuildFile; fileRef = C1AB998D114B0537005A7928 /* Response.m */; };
		C1AB99B1114B056A005A7928 /* ORObject.m in Sources */ = {isa = PBXBuildFile; fileRef = C1AB99B0114B056A005A7928 /* ORObject.m */; };
		C1AB99B4114B057B005A7928 /* Campaign.m in Sources */ = {isa = PBXBuildFile; fileRef = C1AB99B3114B057B005A7928 /* Campaign.m */; };
		C1AB9A25114B143A005A7928 /* Metric.m in Sources */ = {isa = PBXBuildFile; fileRef = C1AB9A24114B143A005A7928 /* Metric.m */; };
		C1AB9A91114B1A0C005A7928 /* CampaignViewController.m in Sources */ = {isa = PBXBuildFile; fileRef = C1AB9A8F114B1A0C005A7928 /* CampaignViewController.m */; };
		C1AB9A92114B1A0C005A7928 /* CampaignViewController.xib in Resources */ = {isa = PBXBuildFile; fileRef = C1AB9A90114B1A0C005A7928 /* CampaignViewController.xib */; };
		C1AB9AF4114B2109005A7928 /* CampaignInputController.m in Sources */ = {isa = PBXBuildFile; fileRef = C1AB9AF2114B2109005A7928 /* CampaignInputController.m */; };
		C1AB9AF5114B2109005A7928 /* CampaignInputController.xib in Resources */ = {isa = PBXBuildFile; fileRef = C1AB9AF3114B2109005A7928 /* CampaignInputController.xib */; };
/* End PBXBuildFile section */

/* Begin PBXFileReference section */
		1D30AB110D05D00D00671497 /* Foundation.framework */ = {isa = PBXFileReference; lastKnownFileType = wrapper.framework; name = Foundation.framework; path = System/Library/Frameworks/Foundation.framework; sourceTree = SDKROOT; };
		1D3623240D0F684500981E51 /* ObjectiveSpongeAppDelegate.h */ = {isa = PBXFileReference; fileEncoding = 4; lastKnownFileType = sourcecode.c.h; path = ObjectiveSpongeAppDelegate.h; sourceTree = "<group>"; };
		1D3623250D0F684500981E51 /* ObjectiveSpongeAppDelegate.m */ = {isa = PBXFileReference; fileEncoding = 4; lastKnownFileType = sourcecode.c.objc; path = ObjectiveSpongeAppDelegate.m; sourceTree = "<group>"; };
		1D6058910D05DD3D006BFB54 /* ObjectiveSponge.app */ = {isa = PBXFileReference; explicitFileType = wrapper.application; includeInIndex = 0; path = ObjectiveSponge.app; sourceTree = BUILT_PRODUCTS_DIR; };
		1DF5F4DF0D08C38300B7A737 /* UIKit.framework */ = {isa = PBXFileReference; lastKnownFileType = wrapper.framework; name = UIKit.framework; path = System/Library/Frameworks/UIKit.framework; sourceTree = SDKROOT; };
		2892E40F0DC94CBA00A64D0F /* CoreGraphics.framework */ = {isa = PBXFileReference; lastKnownFileType = wrapper.framework; name = CoreGraphics.framework; path = System/Library/Frameworks/CoreGraphics.framework; sourceTree = SDKROOT; };
		28A0AAE50D9B0CCF005BE974 /* ObjectiveSponge_Prefix.pch */ = {isa = PBXFileReference; fileEncoding = 4; lastKnownFileType = sourcecode.c.h; path = ObjectiveSponge_Prefix.pch; sourceTree = "<group>"; };
		28AD735F0D9D9599002E5188 /* MainWindow.xib */ = {isa = PBXFileReference; lastKnownFileType = file.xib; path = MainWindow.xib; sourceTree = "<group>"; };
		28C286DF0D94DF7D0034E888 /* RootViewController.h */ = {isa = PBXFileReference; fileEncoding = 4; lastKnownFileType = sourcecode.c.h; path = RootViewController.h; sourceTree = "<group>"; };
		28C286E00D94DF7D0034E888 /* RootViewController.m */ = {isa = PBXFileReference; fileEncoding = 4; lastKnownFileType = sourcecode.c.objc; path = RootViewController.m; sourceTree = "<group>"; };
		28F335F01007B36200424DE2 /* RootViewController.xib */ = {isa = PBXFileReference; lastKnownFileType = file.xib; path = RootViewController.xib; sourceTree = "<group>"; };
		29B97316FDCFA39411CA2CEA /* main.m */ = {isa = PBXFileReference; fileEncoding = 4; lastKnownFileType = sourcecode.c.objc; path = main.m; sourceTree = "<group>"; };
		5FAFDDB5114DC46E00AC10D8 /* PropertyListFile.h */ = {isa = PBXFileReference; fileEncoding = 4; lastKnownFileType = sourcecode.c.h; path = PropertyListFile.h; sourceTree = "<group>"; };
		5FAFDDB6114DC46E00AC10D8 /* PropertyListFile.m */ = {isa = PBXFileReference; fileEncoding = 4; lastKnownFileType = sourcecode.c.objc; path = PropertyListFile.m; sourceTree = "<group>"; };
		8D1107310486CEB800E47090 /* ObjectiveSponge-Info.plist */ = {isa = PBXFileReference; fileEncoding = 4; lastKnownFileType = text.plist.xml; path = "ObjectiveSponge-Info.plist"; plistStructureDefinitionIdentifier = "com.apple.xcode.plist.structure-definition.iphone.info-plist"; sourceTree = "<group>"; };
		C1AB9942114B0537005A7928 /* Connection.h */ = {isa = PBXFileReference; fileEncoding = 4; lastKnownFileType = sourcecode.c.h; path = Connection.h; sourceTree = "<group>"; };
		C1AB9943114B0537005A7928 /* Connection.m */ = {isa = PBXFileReference; fileEncoding = 4; lastKnownFileType = sourcecode.c.objc; path = Connection.m; sourceTree = "<group>"; };
		C1AB9944114B0537005A7928 /* ConnectionDelegate.h */ = {isa = PBXFileReference; fileEncoding = 4; lastKnownFileType = sourcecode.c.h; path = ConnectionDelegate.h; sourceTree = "<group>"; };
		C1AB9945114B0537005A7928 /* ConnectionDelegate.m */ = {isa = PBXFileReference; fileEncoding = 4; lastKnownFileType = sourcecode.c.objc; path = ConnectionDelegate.m; sourceTree = "<group>"; };
		C1AB9946114B0537005A7928 /* NSHTTPURLResponse+Error.h */ = {isa = PBXFileReference; fileEncoding = 4; lastKnownFileType = sourcecode.c.h; path = "NSHTTPURLResponse+Error.h"; sourceTree = "<group>"; };
		C1AB9947114B0537005A7928 /* NSHTTPURLResponse+Error.m */ = {isa = PBXFileReference; fileEncoding = 4; lastKnownFileType = sourcecode.c.objc; path = "NSHTTPURLResponse+Error.m"; sourceTree = "<group>"; };
		C1AB9948114B0537005A7928 /* NSMutableURLRequest+ResponseType.h */ = {isa = PBXFileReference; fileEncoding = 4; lastKnownFileType = sourcecode.c.h; path = "NSMutableURLRequest+ResponseType.h"; sourceTree = "<group>"; };
		C1AB9949114B0537005A7928 /* NSMutableURLRequest+ResponseType.m */ = {isa = PBXFileReference; fileEncoding = 4; lastKnownFileType = sourcecode.c.objc; path = "NSMutableURLRequest+ResponseType.m"; sourceTree = "<group>"; };
		C1AB994A114B0537005A7928 /* NSObject+ObjectiveResource.h */ = {isa = PBXFileReference; fileEncoding = 4; lastKnownFileType = sourcecode.c.h; path = "NSObject+ObjectiveResource.h"; sourceTree = "<group>"; };
		C1AB994B114B0537005A7928 /* NSObject+ObjectiveResource.m */ = {isa = PBXFileReference; fileEncoding = 4; lastKnownFileType = sourcecode.c.objc; path = "NSObject+ObjectiveResource.m"; sourceTree = "<group>"; };
		C1AB994E114B0537005A7928 /* CoreSupport.h */ = {isa = PBXFileReference; fileEncoding = 4; lastKnownFileType = sourcecode.c.h; path = CoreSupport.h; sourceTree = "<group>"; };
		C1AB9950114B0537005A7928 /* NSString+InflectionSupport.h */ = {isa = PBXFileReference; fileEncoding = 4; lastKnownFileType = sourcecode.c.h; path = "NSString+InflectionSupport.h"; sourceTree = "<group>"; };
		C1AB9951114B0537005A7928 /* NSString+InflectionSupport.m */ = {isa = PBXFileReference; fileEncoding = 4; lastKnownFileType = sourcecode.c.objc; path = "NSString+InflectionSupport.m"; sourceTree = "<group>"; };
		C1AB9952114B0537005A7928 /* NSData+Additions.h */ = {isa = PBXFileReference; fileEncoding = 4; lastKnownFileType = sourcecode.c.h; path = "NSData+Additions.h"; sourceTree = "<group>"; };
		C1AB9953114B0537005A7928 /* NSData+Additions.m */ = {isa = PBXFileReference; fileEncoding = 4; lastKnownFileType = sourcecode.c.objc; path = "NSData+Additions.m"; sourceTree = "<group>"; };
		C1AB9954114B0537005A7928 /* NSObject+PropertySupport.h */ = {isa = PBXFileReference; fileEncoding = 4; lastKnownFileType = sourcecode.c.h; path = "NSObject+PropertySupport.h"; sourceTree = "<group>"; };
		C1AB9955114B0537005A7928 /* NSObject+PropertySupport.m */ = {isa = PBXFileReference; fileEncoding = 4; lastKnownFileType = sourcecode.c.objc; path = "NSObject+PropertySupport.m"; sourceTree = "<group>"; };
		C1AB9956114B0537005A7928 /* NSString+GSub.h */ = {isa = PBXFileReference; fileEncoding = 4; lastKnownFileType = sourcecode.c.h; path = "NSString+GSub.h"; sourceTree = "<group>"; };
		C1AB9957114B0537005A7928 /* NSString+GSub.m */ = {isa = PBXFileReference; fileEncoding = 4; lastKnownFileType = sourcecode.c.objc; path = "NSString+GSub.m"; sourceTree = "<group>"; };
		C1AB9958114B0537005A7928 /* ObjectiveResourceDateFormatter.h */ = {isa = PBXFileReference; fileEncoding = 4; lastKnownFileType = sourcecode.c.h; path = ObjectiveResourceDateFormatter.h; sourceTree = "<group>"; };
		C1AB9959114B0537005A7928 /* ObjectiveResourceDateFormatter.m */ = {isa = PBXFileReference; fileEncoding = 4; lastKnownFileType = sourcecode.c.objc; path = ObjectiveResourceDateFormatter.m; sourceTree = "<group>"; };
		C1AB995A114B0537005A7928 /* ObjectiveSupport.h */ = {isa = PBXFileReference; fileEncoding = 4; lastKnownFileType = sourcecode.c.h; path = ObjectiveSupport.h; sourceTree = "<group>"; };
		C1AB995C114B0537005A7928 /* JSONFramework.h */ = {isa = PBXFileReference; fileEncoding = 4; lastKnownFileType = sourcecode.c.h; path = JSONFramework.h; sourceTree = "<group>"; };
		C1AB995D114B0537005A7928 /* NSObject+SBJSON.h */ = {isa = PBXFileReference; fileEncoding = 4; lastKnownFileType = sourcecode.c.h; path = "NSObject+SBJSON.h"; sourceTree = "<group>"; };
		C1AB995E114B0537005A7928 /* NSObject+SBJSON.m */ = {isa = PBXFileReference; fileEncoding = 4; lastKnownFileType = sourcecode.c.objc; path = "NSObject+SBJSON.m"; sourceTree = "<group>"; };
		C1AB995F114B0537005A7928 /* NSString+SBJSON.h */ = {isa = PBXFileReference; fileEncoding = 4; lastKnownFileType = sourcecode.c.h; path = "NSString+SBJSON.h"; sourceTree = "<group>"; };
		C1AB9960114B0537005A7928 /* NSString+SBJSON.m */ = {isa = PBXFileReference; fileEncoding = 4; lastKnownFileType = sourcecode.c.objc; path = "NSString+SBJSON.m"; sourceTree = "<group>"; };
		C1AB9961114B0537005A7928 /* SBJSON.h */ = {isa = PBXFileReference; fileEncoding = 4; lastKnownFileType = sourcecode.c.h; path = SBJSON.h; sourceTree = "<group>"; };
		C1AB9962114B0537005A7928 /* SBJSON.m */ = {isa = PBXFileReference; fileEncoding = 4; lastKnownFileType = sourcecode.c.objc; path = SBJSON.m; sourceTree = "<group>"; };
		C1AB9965114B0537005A7928 /* JSONSerializable.h */ = {isa = PBXFileReference; fileEncoding = 4; lastKnownFileType = sourcecode.c.h; path = JSONSerializable.h; sourceTree = "<group>"; };
		C1AB9966114B0537005A7928 /* JSONSerializableSupport.h */ = {isa = PBXFileReference; fileEncoding = 4; lastKnownFileType = sourcecode.c.h; path = JSONSerializableSupport.h; sourceTree = "<group>"; };
		C1AB9967114B0537005A7928 /* NSArray+JSONSerializableSupport.h */ = {isa = PBXFileReference; fileEncoding = 4; lastKnownFileType = sourcecode.c.h; path = "NSArray+JSONSerializableSupport.h"; sourceTree = "<group>"; };
		C1AB9968114B0537005A7928 /* NSArray+JSONSerializableSupport.m */ = {isa = PBXFileReference; fileEncoding = 4; lastKnownFileType = sourcecode.c.objc; path = "NSArray+JSONSerializableSupport.m"; sourceTree = "<group>"; };
		C1AB9969114B0537005A7928 /* NSDictionary+JSONSerializableSupport.h */ = {isa = PBXFileReference; fileEncoding = 4; lastKnownFileType = sourcecode.c.h; path = "NSDictionary+JSONSerializableSupport.h"; sourceTree = "<group>"; };
		C1AB996A114B0537005A7928 /* NSDictionary+JSONSerializableSupport.m */ = {isa = PBXFileReference; fileEncoding = 4; lastKnownFileType = sourcecode.c.objc; path = "NSDictionary+JSONSerializableSupport.m"; sourceTree = "<group>"; };
		C1AB996B114B0537005A7928 /* NSObject+JSONSerializableSupport.h */ = {isa = PBXFileReference; fileEncoding = 4; lastKnownFileType = sourcecode.c.h; path = "NSObject+JSONSerializableSupport.h"; sourceTree = "<group>"; };
		C1AB996C114B0537005A7928 /* NSObject+JSONSerializableSupport.m */ = {isa = PBXFileReference; fileEncoding = 4; lastKnownFileType = sourcecode.c.objc; path = "NSObject+JSONSerializableSupport.m"; sourceTree = "<group>"; };
		C1AB996D114B0537005A7928 /* NSDate+Serialize.h */ = {isa = PBXFileReference; fileEncoding = 4; lastKnownFileType = sourcecode.c.h; path = "NSDate+Serialize.h"; sourceTree = "<group>"; };
		C1AB996E114B0537005A7928 /* NSDate+Serialize.m */ = {isa = PBXFileReference; fileEncoding = 4; lastKnownFileType = sourcecode.c.objc; path = "NSDate+Serialize.m"; sourceTree = "<group>"; };
		C1AB996F114B0537005A7928 /* NSDictionary+KeyTranslation.h */ = {isa = PBXFileReference; fileEncoding = 4; lastKnownFileType = sourcecode.c.h; path = "NSDictionary+KeyTranslation.h"; sourceTree = "<group>"; };
		C1AB9970114B0537005A7928 /* NSDictionary+KeyTranslation.m */ = {isa = PBXFileReference; fileEncoding = 4; lastKnownFileType = sourcecode.c.objc; path = "NSDictionary+KeyTranslation.m"; sourceTree = "<group>"; };
		C1AB9971114B0537005A7928 /* NSObject+Serialize.h */ = {isa = PBXFileReference; fileEncoding = 4; lastKnownFileType = sourcecode.c.h; path = "NSObject+Serialize.h"; sourceTree = "<group>"; };
		C1AB9972114B0537005A7928 /* NSObject+Serialize.m */ = {isa = PBXFileReference; fileEncoding = 4; lastKnownFileType = sourcecode.c.objc; path = "NSObject+Serialize.m"; sourceTree = "<group>"; };
		C1AB9973114B0537005A7928 /* NSString+Serialize.h */ = {isa = PBXFileReference; fileEncoding = 4; lastKnownFileType = sourcecode.c.h; path = "NSString+Serialize.h"; sourceTree = "<group>"; };
		C1AB9974114B0537005A7928 /* NSString+Serialize.m */ = {isa = PBXFileReference; fileEncoding = 4; lastKnownFileType = sourcecode.c.objc; path = "NSString+Serialize.m"; sourceTree = "<group>"; };
		C1AB9975114B0537005A7928 /* Serialize.h */ = {isa = PBXFileReference; fileEncoding = 4; lastKnownFileType = sourcecode.c.h; path = Serialize.h; sourceTree = "<group>"; };
		C1AB9977114B0537005A7928 /* FromXMLElementDelegate.h */ = {isa = PBXFileReference; fileEncoding = 4; lastKnownFileType = sourcecode.c.h; path = FromXMLElementDelegate.h; sourceTree = "<group>"; };
		C1AB9978114B0537005A7928 /* FromXMLElementDelegate.m */ = {isa = PBXFileReference; fileEncoding = 4; lastKnownFileType = sourcecode.c.objc; path = FromXMLElementDelegate.m; sourceTree = "<group>"; };
		C1AB9979114B0537005A7928 /* NSArray+XMLSerializableSupport.h */ = {isa = PBXFileReference; fileEncoding = 4; lastKnownFileType = sourcecode.c.h; path = "NSArray+XMLSerializableSupport.h"; sourceTree = "<group>"; };
		C1AB997A114B0537005A7928 /* NSArray+XMLSerializableSupport.m */ = {isa = PBXFileReference; fileEncoding = 4; lastKnownFileType = sourcecode.c.objc; path = "NSArray+XMLSerializableSupport.m"; sourceTree = "<group>"; };
		C1AB997B114B0537005A7928 /* NSDate+XMLSerializableSupport.h */ = {isa = PBXFileReference; fileEncoding = 4; lastKnownFileType = sourcecode.c.h; path = "NSDate+XMLSerializableSupport.h"; sourceTree = "<group>"; };
		C1AB997C114B0537005A7928 /* NSDate+XMLSerializableSupport.m */ = {isa = PBXFileReference; fileEncoding = 4; lastKnownFileType = sourcecode.c.objc; path = "NSDate+XMLSerializableSupport.m"; sourceTree = "<group>"; };
		C1AB997D114B0537005A7928 /* NSDictionary+XMLSerializableSupport.h */ = {isa = PBXFileReference; fileEncoding = 4; lastKnownFileType = sourcecode.c.h; path = "NSDictionary+XMLSerializableSupport.h"; sourceTree = "<group>"; };
		C1AB997E114B0537005A7928 /* NSDictionary+XMLSerializableSupport.m */ = {isa = PBXFileReference; fileEncoding = 4; lastKnownFileType = sourcecode.c.objc; path = "NSDictionary+XMLSerializableSupport.m"; sourceTree = "<group>"; };
		C1AB997F114B0537005A7928 /* NSNull+XMLSerializableSupport.h */ = {isa = PBXFileReference; fileEncoding = 4; lastKnownFileType = sourcecode.c.h; path = "NSNull+XMLSerializableSupport.h"; sourceTree = "<group>"; };
		C1AB9980114B0537005A7928 /* NSNull+XMLSerializableSupport.m */ = {isa = PBXFileReference; fileEncoding = 4; lastKnownFileType = sourcecode.c.objc; path = "NSNull+XMLSerializableSupport.m"; sourceTree = "<group>"; };
		C1AB9981114B0537005A7928 /* NSNumber+XMLSerializableSupport.h */ = {isa = PBXFileReference; fileEncoding = 4; lastKnownFileType = sourcecode.c.h; path = "NSNumber+XMLSerializableSupport.h"; sourceTree = "<group>"; };
		C1AB9982114B0537005A7928 /* NSNumber+XMLSerializableSupport.m */ = {isa = PBXFileReference; fileEncoding = 4; lastKnownFileType = sourcecode.c.objc; path = "NSNumber+XMLSerializableSupport.m"; sourceTree = "<group>"; };
		C1AB9983114B0537005A7928 /* NSObject+XMLSerializableSupport.h */ = {isa = PBXFileReference; fileEncoding = 4; lastKnownFileType = sourcecode.c.h; path = "NSObject+XMLSerializableSupport.h"; sourceTree = "<group>"; };
		C1AB9984114B0537005A7928 /* NSObject+XMLSerializableSupport.m */ = {isa = PBXFileReference; fileEncoding = 4; lastKnownFileType = sourcecode.c.objc; path = "NSObject+XMLSerializableSupport.m"; sourceTree = "<group>"; };
		C1AB9985114B0537005A7928 /* NSString+XMLSerializableSupport.h */ = {isa = PBXFileReference; fileEncoding = 4; lastKnownFileType = sourcecode.c.h; path = "NSString+XMLSerializableSupport.h"; sourceTree = "<group>"; };
		C1AB9986114B0537005A7928 /* NSString+XMLSerializableSupport.m */ = {isa = PBXFileReference; fileEncoding = 4; lastKnownFileType = sourcecode.c.objc; path = "NSString+XMLSerializableSupport.m"; sourceTree = "<group>"; };
		C1AB9987114B0537005A7928 /* XMLSerializable.h */ = {isa = PBXFileReference; fileEncoding = 4; lastKnownFileType = sourcecode.c.h; path = XMLSerializable.h; sourceTree = "<group>"; };
		C1AB9988114B0537005A7928 /* XMLSerializableSupport.h */ = {isa = PBXFileReference; fileEncoding = 4; lastKnownFileType = sourcecode.c.h; path = XMLSerializableSupport.h; sourceTree = "<group>"; };
		C1AB9989114B0537005A7928 /* ObjectiveResource.h */ = {isa = PBXFileReference; fileEncoding = 4; lastKnownFileType = sourcecode.c.h; path = ObjectiveResource.h; sourceTree = "<group>"; };
		C1AB998A114B0537005A7928 /* ObjectiveResourceConfig.h */ = {isa = PBXFileReference; fileEncoding = 4; lastKnownFileType = sourcecode.c.h; path = ObjectiveResourceConfig.h; sourceTree = "<group>"; };
		C1AB998B114B0537005A7928 /* ObjectiveResourceConfig.m */ = {isa = PBXFileReference; fileEncoding = 4; lastKnownFileType = sourcecode.c.objc; path = ObjectiveResourceConfig.m; sourceTree = "<group>"; };
		C1AB998C114B0537005A7928 /* Response.h */ = {isa = PBXFileReference; fileEncoding = 4; lastKnownFileType = sourcecode.c.h; path = Response.h; sourceTree = "<group>"; };
		C1AB998D114B0537005A7928 /* Response.m */ = {isa = PBXFileReference; fileEncoding = 4; lastKnownFileType = sourcecode.c.objc; path = Response.m; sourceTree = "<group>"; };
		C1AB99AF114B056A005A7928 /* ORObject.h */ = {isa = PBXFileReference; fileEncoding = 4; lastKnownFileType = sourcecode.c.h; path = ORObject.h; sourceTree = "<group>"; };
		C1AB99B0114B056A005A7928 /* ORObject.m */ = {isa = PBXFileReference; fileEncoding = 4; lastKnownFileType = sourcecode.c.objc; path = ORObject.m; sourceTree = "<group>"; };
		C1AB99B2114B057B005A7928 /* Campaign.h */ = {isa = PBXFileReference; fileEncoding = 4; lastKnownFileType = sourcecode.c.h; path = Campaign.h; sourceTree = "<group>"; };
		C1AB99B3114B057B005A7928 /* Campaign.m */ = {isa = PBXFileReference; fileEncoding = 4; lastKnownFileType = sourcecode.c.objc; path = Campaign.m; sourceTree = "<group>"; };
		C1AB9A23114B143A005A7928 /* Metric.h */ = {isa = PBXFileReference; fileEncoding = 4; lastKnownFileType = sourcecode.c.h; path = Metric.h; sourceTree = "<group>"; };
		C1AB9A24114B143A005A7928 /* Metric.m */ = {isa = PBXFileReference; fileEncoding = 4; lastKnownFileType = sourcecode.c.objc; path = Metric.m; sourceTree = "<group>"; };
		C1AB9A8E114B1A0C005A7928 /* CampaignViewController.h */ = {isa = PBXFileReference; fileEncoding = 4; lastKnownFileType = sourcecode.c.h; path = CampaignViewController.h; sourceTree = "<group>"; };
		C1AB9A8F114B1A0C005A7928 /* CampaignViewController.m */ = {isa = PBXFileReference; fileEncoding = 4; lastKnownFileType = sourcecode.c.objc; path = CampaignViewController.m; sourceTree = "<group>"; };
		C1AB9A90114B1A0C005A7928 /* CampaignViewController.xib */ = {isa = PBXFileReference; lastKnownFileType = file.xib; path = CampaignViewController.xib; sourceTree = "<group>"; };
		C1AB9AF1114B2109005A7928 /* CampaignInputController.h */ = {isa = PBXFileReference; fileEncoding = 4; lastKnownFileType = sourcecode.c.h; path = CampaignInputController.h; sourceTree = "<group>"; };
		C1AB9AF2114B2109005A7928 /* CampaignInputController.m */ = {isa = PBXFileReference; fileEncoding = 4; lastKnownFileType = sourcecode.c.objc; path = CampaignInputController.m; sourceTree = "<group>"; };
		C1AB9AF3114B2109005A7928 /* CampaignInputController.xib */ = {isa = PBXFileReference; lastKnownFileType = file.xib; path = CampaignInputController.xib; sourceTree = "<group>"; };
/* End PBXFileReference section */

/* Begin PBXFrameworksBuildPhase section */
		1D60588F0D05DD3D006BFB54 /* Frameworks */ = {
			isa = PBXFrameworksBuildPhase;
			buildActionMask = 2147483647;
			files = (
				1D60589F0D05DD5A006BFB54 /* Foundation.framework in Frameworks */,
				1DF5F4E00D08C38300B7A737 /* UIKit.framework in Frameworks */,
				2892E4100DC94CBA00A64D0F /* CoreGraphics.framework in Frameworks */,
			);
			runOnlyForDeploymentPostprocessing = 0;
		};
/* End PBXFrameworksBuildPhase section */

/* Begin PBXGroup section */
		080E96DDFE201D6D7F000001 /* Classes */ = {
			isa = PBXGroup;
			children = (
				C1AB9941114B0537005A7928 /* objective_resource */,
				28C286DF0D94DF7D0034E888 /* RootViewController.h */,
				28C286E00D94DF7D0034E888 /* RootViewController.m */,
				1D3623240D0F684500981E51 /* ObjectiveSpongeAppDelegate.h */,
				1D3623250D0F684500981E51 /* ObjectiveSpongeAppDelegate.m */,
				C1AB99AF114B056A005A7928 /* ORObject.h */,
				C1AB99B0114B056A005A7928 /* ORObject.m */,
				C1AB99B2114B057B005A7928 /* Campaign.h */,
				C1AB99B3114B057B005A7928 /* Campaign.m */,
				C1AB9A23114B143A005A7928 /* Metric.h */,
				C1AB9A24114B143A005A7928 /* Metric.m */,
				C1AB9A8E114B1A0C005A7928 /* CampaignViewController.h */,
				C1AB9A8F114B1A0C005A7928 /* CampaignViewController.m */,
				C1AB9A90114B1A0C005A7928 /* CampaignViewController.xib */,
				C1AB9AF1114B2109005A7928 /* CampaignInputController.h */,
				C1AB9AF2114B2109005A7928 /* CampaignInputController.m */,
				C1AB9AF3114B2109005A7928 /* CampaignInputController.xib */,
				5FAFDDB5114DC46E00AC10D8 /* PropertyListFile.h */,
				5FAFDDB6114DC46E00AC10D8 /* PropertyListFile.m */,
			);
			path = Classes;
			sourceTree = "<group>";
		};
		19C28FACFE9D520D11CA2CBB /* Products */ = {
			isa = PBXGroup;
			children = (
				1D6058910D05DD3D006BFB54 /* ObjectiveSponge.app */,
			);
			name = Products;
			sourceTree = "<group>";
		};
		29B97314FDCFA39411CA2CEA /* CustomTemplate */ = {
			isa = PBXGroup;
			children = (
				080E96DDFE201D6D7F000001 /* Classes */,
				29B97315FDCFA39411CA2CEA /* Other Sources */,
				29B97317FDCFA39411CA2CEA /* Resources */,
				29B97323FDCFA39411CA2CEA /* Frameworks */,
				19C28FACFE9D520D11CA2CBB /* Products */,
			);
			name = CustomTemplate;
			sourceTree = "<group>";
		};
		29B97315FDCFA39411CA2CEA /* Other Sources */ = {
			isa = PBXGroup;
			children = (
				28A0AAE50D9B0CCF005BE974 /* ObjectiveSponge_Prefix.pch */,
				29B97316FDCFA39411CA2CEA /* main.m */,
			);
			name = "Other Sources";
			sourceTree = "<group>";
		};
		29B97317FDCFA39411CA2CEA /* Resources */ = {
			isa = PBXGroup;
			children = (
				28F335F01007B36200424DE2 /* RootViewController.xib */,
				28AD735F0D9D9599002E5188 /* MainWindow.xib */,
				8D1107310486CEB800E47090 /* ObjectiveSponge-Info.plist */,
			);
			name = Resources;
			sourceTree = "<group>";
		};
		29B97323FDCFA39411CA2CEA /* Frameworks */ = {
			isa = PBXGroup;
			children = (
				1DF5F4DF0D08C38300B7A737 /* UIKit.framework */,
				1D30AB110D05D00D00671497 /* Foundation.framework */,
				2892E40F0DC94CBA00A64D0F /* CoreGraphics.framework */,
			);
			name = Frameworks;
			sourceTree = "<group>";
		};
		C1AB9941114B0537005A7928 /* objective_resource */ = {
			isa = PBXGroup;
			children = (
				C1AB9942114B0537005A7928 /* Connection.h */,
				C1AB9943114B0537005A7928 /* Connection.m */,
				C1AB9944114B0537005A7928 /* ConnectionDelegate.h */,
				C1AB9945114B0537005A7928 /* ConnectionDelegate.m */,
				C1AB9946114B0537005A7928 /* NSHTTPURLResponse+Error.h */,
				C1AB9947114B0537005A7928 /* NSHTTPURLResponse+Error.m */,
				C1AB9948114B0537005A7928 /* NSMutableURLRequest+ResponseType.h */,
				C1AB9949114B0537005A7928 /* NSMutableURLRequest+ResponseType.m */,
				C1AB994A114B0537005A7928 /* NSObject+ObjectiveResource.h */,
				C1AB994B114B0537005A7928 /* NSObject+ObjectiveResource.m */,
				C1AB994C114B0537005A7928 /* objective_support */,
				C1AB9989114B0537005A7928 /* ObjectiveResource.h */,
				C1AB998A114B0537005A7928 /* ObjectiveResourceConfig.h */,
				C1AB998B114B0537005A7928 /* ObjectiveResourceConfig.m */,
				C1AB998C114B0537005A7928 /* Response.h */,
				C1AB998D114B0537005A7928 /* Response.m */,
			);
			path = objective_resource;
			sourceTree = "<group>";
		};
		C1AB994C114B0537005A7928 /* objective_support */ = {
			isa = PBXGroup;
			children = (
				C1AB994D114B0537005A7928 /* Core */,
				C1AB995B114B0537005A7928 /* json-framework */,
				C1AB9963114B0537005A7928 /* Serialization */,
			);
			path = objective_support;
			sourceTree = "<group>";
		};
		C1AB994D114B0537005A7928 /* Core */ = {
			isa = PBXGroup;
			children = (
				C1AB994E114B0537005A7928 /* CoreSupport.h */,
				C1AB994F114B0537005A7928 /* Inflections */,
				C1AB9952114B0537005A7928 /* NSData+Additions.h */,
				C1AB9953114B0537005A7928 /* NSData+Additions.m */,
				C1AB9954114B0537005A7928 /* NSObject+PropertySupport.h */,
				C1AB9955114B0537005A7928 /* NSObject+PropertySupport.m */,
				C1AB9956114B0537005A7928 /* NSString+GSub.h */,
				C1AB9957114B0537005A7928 /* NSString+GSub.m */,
				C1AB9958114B0537005A7928 /* ObjectiveResourceDateFormatter.h */,
				C1AB9959114B0537005A7928 /* ObjectiveResourceDateFormatter.m */,
				C1AB995A114B0537005A7928 /* ObjectiveSupport.h */,
			);
			path = Core;
			sourceTree = "<group>";
		};
		C1AB994F114B0537005A7928 /* Inflections */ = {
			isa = PBXGroup;
			children = (
				C1AB9950114B0537005A7928 /* NSString+InflectionSupport.h */,
				C1AB9951114B0537005A7928 /* NSString+InflectionSupport.m */,
			);
			path = Inflections;
			sourceTree = "<group>";
		};
		C1AB995B114B0537005A7928 /* json-framework */ = {
			isa = PBXGroup;
			children = (
				C1AB995C114B0537005A7928 /* JSONFramework.h */,
				C1AB995D114B0537005A7928 /* NSObject+SBJSON.h */,
				C1AB995E114B0537005A7928 /* NSObject+SBJSON.m */,
				C1AB995F114B0537005A7928 /* NSString+SBJSON.h */,
				C1AB9960114B0537005A7928 /* NSString+SBJSON.m */,
				C1AB9961114B0537005A7928 /* SBJSON.h */,
				C1AB9962114B0537005A7928 /* SBJSON.m */,
			);
			path = "json-framework";
			sourceTree = "<group>";
		};
		C1AB9963114B0537005A7928 /* Serialization */ = {
			isa = PBXGroup;
			children = (
				C1AB9964114B0537005A7928 /* JSON */,
				C1AB996D114B0537005A7928 /* NSDate+Serialize.h */,
				C1AB996E114B0537005A7928 /* NSDate+Serialize.m */,
				C1AB996F114B0537005A7928 /* NSDictionary+KeyTranslation.h */,
				C1AB9970114B0537005A7928 /* NSDictionary+KeyTranslation.m */,
				C1AB9971114B0537005A7928 /* NSObject+Serialize.h */,
				C1AB9972114B0537005A7928 /* NSObject+Serialize.m */,
				C1AB9973114B0537005A7928 /* NSString+Serialize.h */,
				C1AB9974114B0537005A7928 /* NSString+Serialize.m */,
				C1AB9975114B0537005A7928 /* Serialize.h */,
				C1AB9976114B0537005A7928 /* XML */,
			);
			path = Serialization;
			sourceTree = "<group>";
		};
		C1AB9964114B0537005A7928 /* JSON */ = {
			isa = PBXGroup;
			children = (
				C1AB9965114B0537005A7928 /* JSONSerializable.h */,
				C1AB9966114B0537005A7928 /* JSONSerializableSupport.h */,
				C1AB9967114B0537005A7928 /* NSArray+JSONSerializableSupport.h */,
				C1AB9968114B0537005A7928 /* NSArray+JSONSerializableSupport.m */,
				C1AB9969114B0537005A7928 /* NSDictionary+JSONSerializableSupport.h */,
				C1AB996A114B0537005A7928 /* NSDictionary+JSONSerializableSupport.m */,
				C1AB996B114B0537005A7928 /* NSObject+JSONSerializableSupport.h */,
				C1AB996C114B0537005A7928 /* NSObject+JSONSerializableSupport.m */,
			);
			path = JSON;
			sourceTree = "<group>";
		};
		C1AB9976114B0537005A7928 /* XML */ = {
			isa = PBXGroup;
			children = (
				C1AB9977114B0537005A7928 /* FromXMLElementDelegate.h */,
				C1AB9978114B0537005A7928 /* FromXMLElementDelegate.m */,
				C1AB9979114B0537005A7928 /* NSArray+XMLSerializableSupport.h */,
				C1AB997A114B0537005A7928 /* NSArray+XMLSerializableSupport.m */,
				C1AB997B114B0537005A7928 /* NSDate+XMLSerializableSupport.h */,
				C1AB997C114B0537005A7928 /* NSDate+XMLSerializableSupport.m */,
				C1AB997D114B0537005A7928 /* NSDictionary+XMLSerializableSupport.h */,
				C1AB997E114B0537005A7928 /* NSDictionary+XMLSerializableSupport.m */,
				C1AB997F114B0537005A7928 /* NSNull+XMLSerializableSupport.h */,
				C1AB9980114B0537005A7928 /* NSNull+XMLSerializableSupport.m */,
				C1AB9981114B0537005A7928 /* NSNumber+XMLSerializableSupport.h */,
				C1AB9982114B0537005A7928 /* NSNumber+XMLSerializableSupport.m */,
				C1AB9983114B0537005A7928 /* NSObject+XMLSerializableSupport.h */,
				C1AB9984114B0537005A7928 /* NSObject+XMLSerializableSupport.m */,
				C1AB9985114B0537005A7928 /* NSString+XMLSerializableSupport.h */,
				C1AB9986114B0537005A7928 /* NSString+XMLSerializableSupport.m */,
				C1AB9987114B0537005A7928 /* XMLSerializable.h */,
				C1AB9988114B0537005A7928 /* XMLSerializableSupport.h */,
			);
			path = XML;
			sourceTree = "<group>";
		};
/* End PBXGroup section */

/* Begin PBXNativeTarget section */
		1D6058900D05DD3D006BFB54 /* ObjectiveSponge */ = {
			isa = PBXNativeTarget;
			buildConfigurationList = 1D6058960D05DD3E006BFB54 /* Build configuration list for PBXNativeTarget "ObjectiveSponge" */;
			buildPhases = (
				1D60588D0D05DD3D006BFB54 /* Resources */,
				1D60588E0D05DD3D006BFB54 /* Sources */,
				1D60588F0D05DD3D006BFB54 /* Frameworks */,
			);
			buildRules = (
			);
			dependencies = (
			);
			name = ObjectiveSponge;
			productName = ObjectiveSponge;
			productReference = 1D6058910D05DD3D006BFB54 /* ObjectiveSponge.app */;
			productType = "com.apple.product-type.application";
		};
/* End PBXNativeTarget section */

/* Begin PBXProject section */
		29B97313FDCFA39411CA2CEA /* Project object */ = {
			isa = PBXProject;
			buildConfigurationList = C01FCF4E08A954540054247B /* Build configuration list for PBXProject "ObjectiveSponge" */;
			compatibilityVersion = "Xcode 3.1";
			hasScannedForEncodings = 1;
			knownRegions = (
				English,
				Japanese,
				French,
				German,
				en,
			);
			mainGroup = 29B97314FDCFA39411CA2CEA /* CustomTemplate */;
			projectDirPath = "";
			projectRoot = "";
			targets = (
				1D6058900D05DD3D006BFB54 /* ObjectiveSponge */,
			);
		};
/* End PBXProject section */

/* Begin PBXResourcesBuildPhase section */
		1D60588D0D05DD3D006BFB54 /* Resources */ = {
			isa = PBXResourcesBuildPhase;
			buildActionMask = 2147483647;
			files = (
				28AD73600D9D9599002E5188 /* MainWindow.xib in Resources */,
				28F335F11007B36200424DE2 /* RootViewController.xib in Resources */,
				C1AB9A92114B1A0C005A7928 /* CampaignViewController.xib in Resources */,
				C1AB9AF5114B2109005A7928 /* CampaignInputController.xib in Resources */,
			);
			runOnlyForDeploymentPostprocessing = 0;
		};
/* End PBXResourcesBuildPhase section */

/* Begin PBXSourcesBuildPhase section */
		1D60588E0D05DD3D006BFB54 /* Sources */ = {
			isa = PBXSourcesBuildPhase;
			buildActionMask = 2147483647;
			files = (
				1D60589B0D05DD56006BFB54 /* main.m in Sources */,
				1D3623260D0F684500981E51 /* ObjectiveSpongeAppDelegate.m in Sources */,
				28C286E10D94DF7D0034E888 /* RootViewController.m in Sources */,
				C1AB998E114B0537005A7928 /* Connection.m in Sources */,
				C1AB998F114B0537005A7928 /* ConnectionDelegate.m in Sources */,
				C1AB9990114B0537005A7928 /* NSHTTPURLResponse+Error.m in Sources */,
				C1AB9991114B0537005A7928 /* NSMutableURLRequest+ResponseType.m in Sources */,
				C1AB9992114B0537005A7928 /* NSObject+ObjectiveResource.m in Sources */,
				C1AB9993114B0537005A7928 /* NSString+InflectionSupport.m in Sources */,
				C1AB9994114B0537005A7928 /* NSData+Additions.m in Sources */,
				C1AB9995114B0537005A7928 /* NSObject+PropertySupport.m in Sources */,
				C1AB9996114B0537005A7928 /* NSString+GSub.m in Sources */,
				C1AB9997114B0537005A7928 /* ObjectiveResourceDateFormatter.m in Sources */,
				C1AB9998114B0537005A7928 /* NSObject+SBJSON.m in Sources */,
				C1AB9999114B0537005A7928 /* NSString+SBJSON.m in Sources */,
				C1AB999A114B0537005A7928 /* SBJSON.m in Sources */,
				C1AB999B114B0537005A7928 /* NSArray+JSONSerializableSupport.m in Sources */,
				C1AB999C114B0537005A7928 /* NSDictionary+JSONSerializableSupport.m in Sources */,
				C1AB999D114B0537005A7928 /* NSObject+JSONSerializableSupport.m in Sources */,
				C1AB999E114B0537005A7928 /* NSDate+Serialize.m in Sources */,
				C1AB999F114B0537005A7928 /* NSDictionary+KeyTranslation.m in Sources */,
				C1AB99A0114B0537005A7928 /* NSObject+Serialize.m in Sources */,
				C1AB99A1114B0537005A7928 /* NSString+Serialize.m in Sources */,
				C1AB99A2114B0537005A7928 /* FromXMLElementDelegate.m in Sources */,
				C1AB99A3114B0537005A7928 /* NSArray+XMLSerializableSupport.m in Sources */,
				C1AB99A4114B0537005A7928 /* NSDate+XMLSerializableSupport.m in Sources */,
				C1AB99A5114B0537005A7928 /* NSDictionary+XMLSerializableSupport.m in Sources */,
				C1AB99A6114B0537005A7928 /* NSNull+XMLSerializableSupport.m in Sources */,
				C1AB99A7114B0537005A7928 /* NSNumber+XMLSerializableSupport.m in Sources */,
				C1AB99A8114B0537005A7928 /* NSObject+XMLSerializableSupport.m in Sources */,
				C1AB99A9114B0537005A7928 /* NSString+XMLSerializableSupport.m in Sources */,
				C1AB99AA114B0537005A7928 /* ObjectiveResourceConfig.m in Sources */,
				C1AB99AB114B0537005A7928 /* Response.m in Sources */,
				C1AB99B1114B056A005A7928 /* ORObject.m in Sources */,
				C1AB99B4114B057B005A7928 /* Campaign.m in Sources */,
				C1AB9A25114B143A005A7928 /* Metric.m in Sources */,
				C1AB9A91114B1A0C005A7928 /* CampaignViewController.m in Sources */,
				C1AB9AF4114B2109005A7928 /* CampaignInputController.m in Sources */,
				5FAFDDB7114DC46E00AC10D8 /* PropertyListFile.m in Sources */,
			);
			runOnlyForDeploymentPostprocessing = 0;
		};
/* End PBXSourcesBuildPhase section */

/* Begin XCBuildConfiguration section */
		1D6058940D05DD3E006BFB54 /* Debug */ = {
			isa = XCBuildConfiguration;
			buildSettings = {
				ALWAYS_SEARCH_USER_PATHS = NO;
				COPY_PHASE_STRIP = NO;
				GCC_DYNAMIC_NO_PIC = NO;
				GCC_OPTIMIZATION_LEVEL = 0;
				GCC_PRECOMPILE_PREFIX_HEADER = YES;
				GCC_PREFIX_HEADER = ObjectiveSponge_Prefix.pch;
				INFOPLIST_FILE = "ObjectiveSponge-Info.plist";
				PRODUCT_NAME = ObjectiveSponge;
			};
			name = Debug;
		};
		1D6058950D05DD3E006BFB54 /* Release */ = {
			isa = XCBuildConfiguration;
			buildSettings = {
				ALWAYS_SEARCH_USER_PATHS = NO;
				COPY_PHASE_STRIP = YES;
				GCC_PRECOMPILE_PREFIX_HEADER = YES;
				GCC_PREFIX_HEADER = ObjectiveSponge_Prefix.pch;
				INFOPLIST_FILE = "ObjectiveSponge-Info.plist";
				PRODUCT_NAME = ObjectiveSponge;
			};
			name = Release;
		};
		C01FCF4F08A954540054247B /* Debug */ = {
			isa = XCBuildConfiguration;
			buildSettings = {
				ARCHS = "$(ARCHS_STANDARD_32_BIT)";
				"CODE_SIGN_IDENTITY[sdk=iphoneos*]" = "iPhone Developer";
				GCC_C_LANGUAGE_STANDARD = c99;
				GCC_WARN_ABOUT_RETURN_TYPE = YES;
				GCC_WARN_UNUSED_VARIABLE = YES;
				"New Setting" = "";
				PREBINDING = NO;
				SDKROOT = iphoneos3.1.2;
			};
			name = Debug;
		};
		C01FCF5008A954540054247B /* Release */ = {
			isa = XCBuildConfiguration;
			buildSettings = {
				ARCHS = "$(ARCHS_STANDARD_32_BIT)";
				"CODE_SIGN_IDENTITY[sdk=iphoneos*]" = "iPhone Developer";
				GCC_C_LANGUAGE_STANDARD = c99;
				GCC_WARN_ABOUT_RETURN_TYPE = YES;
				GCC_WARN_UNUSED_VARIABLE = YES;
				PREBINDING = NO;
				SDKROOT = iphoneos3.1.2;
			};
			name = Release;
		};
/* End XCBuildConfiguration section */

/* Begin XCConfigurationList section */
		1D6058960D05DD3E006BFB54 /* Build configuration list for PBXNativeTarget "ObjectiveSponge" */ = {
			isa = XCConfigurationList;
			buildConfigurations = (
				1D6058940D05DD3E006BFB54 /* Debug */,
				1D6058950D05DD3E006BFB54 /* Release */,
			);
			defaultConfigurationIsVisible = 0;
			defaultConfigurationName = Release;
		};
		C01FCF4E08A954540054247B /* Build configuration list for PBXProject "ObjectiveSponge" */ = {
			isa = XCConfigurationList;
			buildConfigurations = (
				C01FCF4F08A954540054247B /* Debug */,
				C01FCF5008A954540054247B /* Release */,
			);
			defaultConfigurationIsVisible = 0;
			defaultConfigurationName = Release;
		};
/* End XCConfigurationList section */
	};
	rootObject = 29B97313FDCFA39411CA2CEA /* Project object */;
}
